// !$*UTF8*$!
{
	archiveVersion = 1;
	classes = {
	};
	objectVersion = 51;
	objects = {

/* Begin PBXBuildFile section */
		1A0BF4B32345F6CC007A7F21 /* MenuResponse.swift in Sources */ = {isa = PBXBuildFile; fileRef = 1A0BF4B22345F6CC007A7F21 /* MenuResponse.swift */; };
		1A39D7EC2345E5050002A3C6 /* MarketDetailResponse.swift in Sources */ = {isa = PBXBuildFile; fileRef = 1A39D7EB2345E5050002A3C6 /* MarketDetailResponse.swift */; };
		1A39D7EE2345E7580002A3C6 /* MarketCommentResponse.swift in Sources */ = {isa = PBXBuildFile; fileRef = 1A39D7ED2345E7580002A3C6 /* MarketCommentResponse.swift */; };
		1A39D7F02345EC660002A3C6 /* BaseViewController.swift in Sources */ = {isa = PBXBuildFile; fileRef = 1A39D7EF2345EC660002A3C6 /* BaseViewController.swift */; };
		1A3D145323507FEA00ED6D07 /* Objects.swift in Sources */ = {isa = PBXBuildFile; fileRef = 1A3D145223507FEA00ED6D07 /* Objects.swift */; };
		1A4535D62348696200DFFC8A /* SplashViewController.swift in Sources */ = {isa = PBXBuildFile; fileRef = 1A4535D52348696200DFFC8A /* SplashViewController.swift */; };
		1A4535D82348735800DFFC8A /* DeliveryMenuListCoordinator.swift in Sources */ = {isa = PBXBuildFile; fileRef = 1A4535D72348735800DFFC8A /* DeliveryMenuListCoordinator.swift */; };
		1A4DB1BC2365E6D0008343E6 /* ArrivalTimeViewController.swift in Sources */ = {isa = PBXBuildFile; fileRef = 1A4DB1BB2365E6D0008343E6 /* ArrivalTimeViewController.swift */; };
		1A5297B323489A4C00C601BE /* DeliveryOrderCoordinator.swift in Sources */ = {isa = PBXBuildFile; fileRef = 1A5297B223489A4C00C601BE /* DeliveryOrderCoordinator.swift */; };
		1A5405F8236FF88A00AB0C0D /* DeliveryPaymentViewController.swift in Sources */ = {isa = PBXBuildFile; fileRef = 1A5405F7236FF88A00AB0C0D /* DeliveryPaymentViewController.swift */; };
		1A5405FA236FF92200AB0C0D /* DeliveryPaymentCoordinator.swift in Sources */ = {isa = PBXBuildFile; fileRef = 1A5405F9236FF92200AB0C0D /* DeliveryPaymentCoordinator.swift */; };
		1A5405FE2370181100AB0C0D /* DeliveryPaymentArrivalCell.swift in Sources */ = {isa = PBXBuildFile; fileRef = 1A5405FC2370181100AB0C0D /* DeliveryPaymentArrivalCell.swift */; };
		1A5405FF2370181100AB0C0D /* DeliveryPaymentArrivalCell.xib in Resources */ = {isa = PBXBuildFile; fileRef = 1A5405FD2370181100AB0C0D /* DeliveryPaymentArrivalCell.xib */; };
		1A540602237020D300AB0C0D /* DeliveryPaymentPriceCell.swift in Sources */ = {isa = PBXBuildFile; fileRef = 1A540600237020D300AB0C0D /* DeliveryPaymentPriceCell.swift */; };
		1A540603237020D300AB0C0D /* DeliveryPaymentPriceCell.xib in Resources */ = {isa = PBXBuildFile; fileRef = 1A540601237020D300AB0C0D /* DeliveryPaymentPriceCell.xib */; };
		1A540606237021AA00AB0C0D /* DeliveryPaymentTypeCell.swift in Sources */ = {isa = PBXBuildFile; fileRef = 1A540604237021AA00AB0C0D /* DeliveryPaymentTypeCell.swift */; };
		1A540607237021AA00AB0C0D /* DeliveryPaymentSelectWayToPay.xib in Resources */ = {isa = PBXBuildFile; fileRef = 1A540605237021AA00AB0C0D /* DeliveryPaymentSelectWayToPay.xib */; };
		1A54060A2370299100AB0C0D /* DeliveryPaymentCouponCellTableViewCell.swift in Sources */ = {isa = PBXBuildFile; fileRef = 1A5406082370299100AB0C0D /* DeliveryPaymentCouponCellTableViewCell.swift */; };
		1A54060B2370299100AB0C0D /* DeliveryPaymentCouponCellTableViewCell.xib in Resources */ = {isa = PBXBuildFile; fileRef = 1A5406092370299100AB0C0D /* DeliveryPaymentCouponCellTableViewCell.xib */; };
		1A54060D23711AF500AB0C0D /* UIButtonRoundedFilled.swift in Sources */ = {isa = PBXBuildFile; fileRef = 1A54060C23711AF500AB0C0D /* UIButtonRoundedFilled.swift */; };
		1A6A10A823459D9C007D2C78 /* PageCell.swift in Sources */ = {isa = PBXBuildFile; fileRef = 1A6A10A623459D9C007D2C78 /* PageCell.swift */; };
		1A6A10A923459D9C007D2C78 /* PageCell.xib in Resources */ = {isa = PBXBuildFile; fileRef = 1A6A10A723459D9C007D2C78 /* PageCell.xib */; };
		1A6A10AC2345A1F4007D2C78 /* PageChildCell.swift in Sources */ = {isa = PBXBuildFile; fileRef = 1A6A10AA2345A1F4007D2C78 /* PageChildCell.swift */; };
		1A6A10AD2345A1F4007D2C78 /* PageChildCell.xib in Resources */ = {isa = PBXBuildFile; fileRef = 1A6A10AB2345A1F4007D2C78 /* PageChildCell.xib */; };
		1A6A10B42345A2C6007D2C78 /* TabbarCell.swift in Sources */ = {isa = PBXBuildFile; fileRef = 1A6A10B22345A2C6007D2C78 /* TabbarCell.swift */; };
		1A6A10B52345A2C6007D2C78 /* TabbarCell.xib in Resources */ = {isa = PBXBuildFile; fileRef = 1A6A10B32345A2C6007D2C78 /* TabbarCell.xib */; };
		1A6A10B82345B59B007D2C78 /* DeliveryTabpagerCell.swift in Sources */ = {isa = PBXBuildFile; fileRef = 1A6A10B62345B59B007D2C78 /* DeliveryTabpagerCell.swift */; };
		1A6A10B92345B59B007D2C78 /* DeliveryTabpagerCell.xib in Resources */ = {isa = PBXBuildFile; fileRef = 1A6A10B72345B59B007D2C78 /* DeliveryTabpagerCell.xib */; };
		1A6A10BC2345B5B4007D2C78 /* DeliveryMenuListHeaderCell.swift in Sources */ = {isa = PBXBuildFile; fileRef = 1A6A10BA2345B5B4007D2C78 /* DeliveryMenuListHeaderCell.swift */; };
		1A6A10BD2345B5B4007D2C78 /* DeliveryMenuListHeaderCell.xib in Resources */ = {isa = PBXBuildFile; fileRef = 1A6A10BB2345B5B4007D2C78 /* DeliveryMenuListHeaderCell.xib */; };
		1A6A10BF2345BB85007D2C78 /* NotificationCenter+.swift in Sources */ = {isa = PBXBuildFile; fileRef = 1A6A10BE2345BB85007D2C78 /* NotificationCenter+.swift */; };
		1A6AF01E2344CB98007ACE44 /* TabPagerLayout.swift in Sources */ = {isa = PBXBuildFile; fileRef = 1A6AF01D2344CB98007ACE44 /* TabPagerLayout.swift */; };
		1A96D9FE236C6B290087D8C0 /* BaseCollectionViewCell.swift in Sources */ = {isa = PBXBuildFile; fileRef = 1A96D9FC236C6B290087D8C0 /* BaseCollectionViewCell.swift */; };
		1A96D9FF236C6B290087D8C0 /* BaseCollectionViewCell.xib in Resources */ = {isa = PBXBuildFile; fileRef = 1A96D9FD236C6B290087D8C0 /* BaseCollectionViewCell.xib */; };
		1ABC5E20234C4E190091731E /* DeliveryOrderForm.swift in Sources */ = {isa = PBXBuildFile; fileRef = 1ABC5E1F234C4E190091731E /* DeliveryOrderForm.swift */; };
		1ABC5E24234C60D30091731E /* DeliveryBaseViewController.swift in Sources */ = {isa = PBXBuildFile; fileRef = 1ABC5E23234C60D30091731E /* DeliveryBaseViewController.swift */; };
		1ABC5E29234C6F7C0091731E /* DeliveryCartViewController.swift in Sources */ = {isa = PBXBuildFile; fileRef = 1ABC5E28234C6F7C0091731E /* DeliveryCartViewController.swift */; };
		1ABC5E2D234C79A00091731E /* DeliveryCartOrderCell.swift in Sources */ = {isa = PBXBuildFile; fileRef = 1ABC5E2B234C79A00091731E /* DeliveryCartOrderCell.swift */; };
		1ABC5E2E234C79A00091731E /* DeliveryCartOrderCell.xib in Resources */ = {isa = PBXBuildFile; fileRef = 1ABC5E2C234C79A00091731E /* DeliveryCartOrderCell.xib */; };
		1ACD80232361B2EB00BFEDCC /* CartNavigationItem.swift in Sources */ = {isa = PBXBuildFile; fileRef = 1ACD80222361B2EB00BFEDCC /* CartNavigationItem.swift */; };
		1ACD80252363256A00BFEDCC /* UIViewAnimation+.swift in Sources */ = {isa = PBXBuildFile; fileRef = 1ACD80242363256A00BFEDCC /* UIViewAnimation+.swift */; };
		1ACD80272363CDA900BFEDCC /* ArrivalPlaceViewController.swift in Sources */ = {isa = PBXBuildFile; fileRef = 1ACD80262363CDA900BFEDCC /* ArrivalPlaceViewController.swift */; };
		1ACD80292363DCCE00BFEDCC /* ArrivalInfoCoordinator.swift in Sources */ = {isa = PBXBuildFile; fileRef = 1ACD80282363DCCE00BFEDCC /* ArrivalInfoCoordinator.swift */; };
		1ACD802B23641F8A00BFEDCC /* ArrivalInfosResponse.swift in Sources */ = {isa = PBXBuildFile; fileRef = 1ACD802A23641F8A00BFEDCC /* ArrivalInfosResponse.swift */; };
		1AD25E862349C1FE008A0FF1 /* OptionSelectorView.swift in Sources */ = {isa = PBXBuildFile; fileRef = 1AD25E852349C1FE008A0FF1 /* OptionSelectorView.swift */; };
		1AD93583234F8C6100B41DA5 /* RealmManager.swift in Sources */ = {isa = PBXBuildFile; fileRef = 1AD93582234F8C6100B41DA5 /* RealmManager.swift */; };
		1AE384B223498E1D00968944 /* TempNavigationController.swift in Sources */ = {isa = PBXBuildFile; fileRef = 1AE384B123498E1D00968944 /* TempNavigationController.swift */; };
		1AE61FCC234789B40075285B /* DeliveryOrderViewController.swift in Sources */ = {isa = PBXBuildFile; fileRef = 1AE61FCB234789B40075285B /* DeliveryOrderViewController.swift */; };
		1AE61FD12347AFDC0075285B /* DeliveryOrderMenuCell.swift in Sources */ = {isa = PBXBuildFile; fileRef = 1AE61FCF2347AFDC0075285B /* DeliveryOrderMenuCell.swift */; };
		1AE61FD22347AFDC0075285B /* DeliveryOrderMenuCell.xib in Resources */ = {isa = PBXBuildFile; fileRef = 1AE61FD02347AFDC0075285B /* DeliveryOrderMenuCell.xib */; };
		1AE61FD52347AFF20075285B /* DeliveryOrderOptionCell.swift in Sources */ = {isa = PBXBuildFile; fileRef = 1AE61FD32347AFF20075285B /* DeliveryOrderOptionCell.swift */; };
		1AE61FD62347AFF20075285B /* DeliveryOrderOptionCell.xib in Resources */ = {isa = PBXBuildFile; fileRef = 1AE61FD42347AFF20075285B /* DeliveryOrderOptionCell.xib */; };
		1AE61FD92347B0040075285B /* DeliveryOrderRequestCell.swift in Sources */ = {isa = PBXBuildFile; fileRef = 1AE61FD72347B0040075285B /* DeliveryOrderRequestCell.swift */; };
		1AE61FDA2347B0040075285B /* DeliveryOrderRequestCell.xib in Resources */ = {isa = PBXBuildFile; fileRef = 1AE61FD82347B0040075285B /* DeliveryOrderRequestCell.xib */; };
		1AE61FE02348330A0075285B /* MenuDetailResponse.swift in Sources */ = {isa = PBXBuildFile; fileRef = 1AE61FDF2348330A0075285B /* MenuDetailResponse.swift */; };
		1AE61FE323485D730075285B /* ChildCoordinator.swift in Sources */ = {isa = PBXBuildFile; fileRef = 1AE61FE223485D730075285B /* ChildCoordinator.swift */; };
		1AE61FE523485E1E0075285B /* DeliveryCoordinator.swift in Sources */ = {isa = PBXBuildFile; fileRef = 1AE61FE423485E1E0075285B /* DeliveryCoordinator.swift */; };
		1AE61FE72348626C0075285B /* HotdealCoordinator.swift in Sources */ = {isa = PBXBuildFile; fileRef = 1AE61FE62348626C0075285B /* HotdealCoordinator.swift */; };
		1AE61FE92348627D0075285B /* MoreCoordinator.swift in Sources */ = {isa = PBXBuildFile; fileRef = 1AE61FE82348627D0075285B /* MoreCoordinator.swift */; };
		1AE61FEB2348628E0075285B /* LoginCoordinator.swift in Sources */ = {isa = PBXBuildFile; fileRef = 1AE61FEA2348628E0075285B /* LoginCoordinator.swift */; };
		1AE61FED2348629C0075285B /* CommunityCoordinator.swift in Sources */ = {isa = PBXBuildFile; fileRef = 1AE61FEC2348629C0075285B /* CommunityCoordinator.swift */; };
		1AF78F8E23698B6D00371B3A /* MoreMenuListProfileCell.swift in Sources */ = {isa = PBXBuildFile; fileRef = 1AF78F8C23698B6D00371B3A /* MoreMenuListProfileCell.swift */; };
		1AF78F8F23698B6D00371B3A /* MoreMenuListProfileCell.xib in Resources */ = {isa = PBXBuildFile; fileRef = 1AF78F8D23698B6D00371B3A /* MoreMenuListProfileCell.xib */; };
		1AF78F9223698BAA00371B3A /* MoreMenuListPointCell.swift in Sources */ = {isa = PBXBuildFile; fileRef = 1AF78F9023698BAA00371B3A /* MoreMenuListPointCell.swift */; };
		1AF78F9323698BAA00371B3A /* MoreMenuListPointCell.xib in Resources */ = {isa = PBXBuildFile; fileRef = 1AF78F9123698BAA00371B3A /* MoreMenuListPointCell.xib */; };
		1AF839F6234C7EC50004EFEB /* DeliveryCartOrderHeaderView.swift in Sources */ = {isa = PBXBuildFile; fileRef = 1AF839F4234C7EC50004EFEB /* DeliveryCartOrderHeaderView.swift */; };
		1AF839F7234C7EC50004EFEB /* DeliveryCartOrderHeaderView.xib in Resources */ = {isa = PBXBuildFile; fileRef = 1AF839F5234C7EC50004EFEB /* DeliveryCartOrderHeaderView.xib */; };
		1AF839FA234C862E0004EFEB /* DeliveryCartOrderFooterView.swift in Sources */ = {isa = PBXBuildFile; fileRef = 1AF839F8234C862E0004EFEB /* DeliveryCartOrderFooterView.swift */; };
		1AF839FB234C862E0004EFEB /* DeliveryCartOrderFooterView.xib in Resources */ = {isa = PBXBuildFile; fileRef = 1AF839F9234C862E0004EFEB /* DeliveryCartOrderFooterView.xib */; };
		1AF839FE234C89660004EFEB /* DeliveryCartPriceCell.swift in Sources */ = {isa = PBXBuildFile; fileRef = 1AF839FC234C89660004EFEB /* DeliveryCartPriceCell.swift */; };
		1AF839FF234C89660004EFEB /* DeliveryCartPriceCell.xib in Resources */ = {isa = PBXBuildFile; fileRef = 1AF839FD234C89660004EFEB /* DeliveryCartPriceCell.xib */; };
		5E14B85DCC814F29A4A0DAED /* Pods_PomangamiOSTests.framework in Frameworks */ = {isa = PBXBuildFile; fileRef = 60DD0172C42936DAECCDAADB /* Pods_PomangamiOSTests.framework */; };
		A08B6FE6CE785B1FAD49EDDB /* Pods_PomangamiOSUITests.framework in Frameworks */ = {isa = PBXBuildFile; fileRef = 4FA5E502C0793B707BD48F10 /* Pods_PomangamiOSUITests.framework */; };
		AF11247B230847E0009CAB21 /* DeliveryMenuListViewController.swift in Sources */ = {isa = PBXBuildFile; fileRef = AF11247A230847E0009CAB21 /* DeliveryMenuListViewController.swift */; };
		AF4A3E88230EFC3C003F3825 /* DeliveryArrivalCell.swift in Sources */ = {isa = PBXBuildFile; fileRef = AF4A3E86230EFC3C003F3825 /* DeliveryArrivalCell.swift */; };
		AF4A3E89230EFC3C003F3825 /* DeliveryArrivalCell.xib in Resources */ = {isa = PBXBuildFile; fileRef = AF4A3E87230EFC3C003F3825 /* DeliveryArrivalCell.xib */; };
		AF4A3E90230EFD12003F3825 /* DeliveryMarketCell.swift in Sources */ = {isa = PBXBuildFile; fileRef = AF4A3E8E230EFD12003F3825 /* DeliveryMarketCell.swift */; };
		AF4A3E91230EFD12003F3825 /* DeliveryMarketCell.xib in Resources */ = {isa = PBXBuildFile; fileRef = AF4A3E8F230EFD12003F3825 /* DeliveryMarketCell.xib */; };
		AF4A3E97230EFF0F003F3825 /* CellProtocols.swift in Sources */ = {isa = PBXBuildFile; fileRef = AF4A3E96230EFF0F003F3825 /* CellProtocols.swift */; };
		AF4A3E9A230F6FBF003F3825 /* Login.storyboard in Resources */ = {isa = PBXBuildFile; fileRef = AF4A3E99230F6FBF003F3825 /* Login.storyboard */; };
		AF4A3E9C230F6FDE003F3825 /* LoginViewController.swift in Sources */ = {isa = PBXBuildFile; fileRef = AF4A3E9B230F6FDE003F3825 /* LoginViewController.swift */; };
		AF4A3E9E230F7466003F3825 /* UITextFieldUnderlined.swift in Sources */ = {isa = PBXBuildFile; fileRef = AF4A3E9D230F7466003F3825 /* UITextFieldUnderlined.swift */; };
		AF4A3EA0230F7900003F3825 /* UIColor+.swift in Sources */ = {isa = PBXBuildFile; fileRef = AF4A3E9F230F7900003F3825 /* UIColor+.swift */; };
		AF4A3EA2230F7B1B003F3825 /* UIButtonSelectorRounded.swift in Sources */ = {isa = PBXBuildFile; fileRef = AF4A3EA1230F7B1B003F3825 /* UIButtonSelectorRounded.swift */; };
		AF4A3EA4230F7EF2003F3825 /* UIButtonCheckable.swift in Sources */ = {isa = PBXBuildFile; fileRef = AF4A3EA3230F7EF2003F3825 /* UIButtonCheckable.swift */; };
		AF4A3EA6230F8364003F3825 /* TokenModel.swift in Sources */ = {isa = PBXBuildFile; fileRef = AF4A3EA5230F8364003F3825 /* TokenModel.swift */; };
		AF4A3EA9230F8554003F3825 /* User.swift in Sources */ = {isa = PBXBuildFile; fileRef = AF4A3EA8230F8554003F3825 /* User.swift */; };
		AF5B31F8232D3D8E0052F495 /* DropDownLabel.swift in Sources */ = {isa = PBXBuildFile; fileRef = AF5B31F7232D3D8E0052F495 /* DropDownLabel.swift */; };
		AF6F47CA2305A10000B377C7 /* APISourceProtocol.swift in Sources */ = {isa = PBXBuildFile; fileRef = AF6F47C92305A10000B377C7 /* APISourceProtocol.swift */; };
		AF6F47CC2305A19C00B377C7 /* APISource.swift in Sources */ = {isa = PBXBuildFile; fileRef = AF6F47CB2305A19C00B377C7 /* APISource.swift */; };
		AF6F47D02305A95600B377C7 /* DeliveryMainResponse.swift in Sources */ = {isa = PBXBuildFile; fileRef = AF6F47CF2305A95600B377C7 /* DeliveryMainResponse.swift */; };
		AF8A010C233F21B3002EAEA6 /* DeliveryMarketResponse.swift in Sources */ = {isa = PBXBuildFile; fileRef = AF8A010B233F21B3002EAEA6 /* DeliveryMarketResponse.swift */; };
		AF99D4EC233A0A3600DB3A95 /* DeliveryHeaderAdvertisementChildCell.swift in Sources */ = {isa = PBXBuildFile; fileRef = AF99D4EA233A0A3600DB3A95 /* DeliveryHeaderAdvertisementChildCell.swift */; };
		AF99D4ED233A0A3600DB3A95 /* DeliveryHeaderAdvertisementChildCell.xib in Resources */ = {isa = PBXBuildFile; fileRef = AF99D4EB233A0A3600DB3A95 /* DeliveryHeaderAdvertisementChildCell.xib */; };
		AF99D4F0233A0C7200DB3A95 /* DeliveryHeaderAdvertisementCell.swift in Sources */ = {isa = PBXBuildFile; fileRef = AF99D4EE233A0C7200DB3A95 /* DeliveryHeaderAdvertisementCell.swift */; };
		AF99D4F1233A0C7200DB3A95 /* DeliveryHeaderAdvertisementCell.xib in Resources */ = {isa = PBXBuildFile; fileRef = AF99D4EF233A0C7200DB3A95 /* DeliveryHeaderAdvertisementCell.xib */; };
		AFBBB145234216AD0061CFE8 /* TabbarLayout.swift in Sources */ = {isa = PBXBuildFile; fileRef = AFBBB144234216AD0061CFE8 /* TabbarLayout.swift */; };
		AFC92E10233B13C20054D92E /* Delivery.swift in Sources */ = {isa = PBXBuildFile; fileRef = AFC92E0F233B13C20054D92E /* Delivery.swift */; };
		AFC92E12233B152B0054D92E /* ProductResponse.swift in Sources */ = {isa = PBXBuildFile; fileRef = AFC92E11233B152B0054D92E /* ProductResponse.swift */; };
		AFD5E32C231424B10031E375 /* NavigationTitleDropDownButton.swift in Sources */ = {isa = PBXBuildFile; fileRef = AFD5E32B231424B10031E375 /* NavigationTitleDropDownButton.swift */; };
		AFDD4C5F22FC0BA200CD8CD5 /* DeliveryViewController.swift in Sources */ = {isa = PBXBuildFile; fileRef = AFDD4C5E22FC0BA200CD8CD5 /* DeliveryViewController.swift */; };
		AFDD4C6122FC0BAD00CD8CD5 /* Delivery.storyboard in Resources */ = {isa = PBXBuildFile; fileRef = AFDD4C6022FC0BAD00CD8CD5 /* Delivery.storyboard */; };
		AFDD4C6322FC0BBF00CD8CD5 /* HotdealViewController.swift in Sources */ = {isa = PBXBuildFile; fileRef = AFDD4C6222FC0BBF00CD8CD5 /* HotdealViewController.swift */; };
		AFDD4C6522FC0BC700CD8CD5 /* Hotdeal.storyboard in Resources */ = {isa = PBXBuildFile; fileRef = AFDD4C6422FC0BC700CD8CD5 /* Hotdeal.storyboard */; };
		AFDD4C6722FC0BD200CD8CD5 /* MoreViewController.swift in Sources */ = {isa = PBXBuildFile; fileRef = AFDD4C6622FC0BD200CD8CD5 /* MoreViewController.swift */; };
		AFDD4C6922FC0BD900CD8CD5 /* More.storyboard in Resources */ = {isa = PBXBuildFile; fileRef = AFDD4C6822FC0BD900CD8CD5 /* More.storyboard */; };
		AFDD4C6B22FC0BE100CD8CD5 /* CommunityViewController.swift in Sources */ = {isa = PBXBuildFile; fileRef = AFDD4C6A22FC0BE100CD8CD5 /* CommunityViewController.swift */; };
		AFDD4C6D22FC0BEA00CD8CD5 /* Community.storyboard in Resources */ = {isa = PBXBuildFile; fileRef = AFDD4C6C22FC0BEA00CD8CD5 /* Community.storyboard */; };
		AFDD4CAC22FC15E600CD8CD5 /* UIViewFunction+.swift in Sources */ = {isa = PBXBuildFile; fileRef = AFDD4CAB22FC15E600CD8CD5 /* UIViewFunction+.swift */; };
		AFDD4CAE22FC1BAD00CD8CD5 /* TabBarController.swift in Sources */ = {isa = PBXBuildFile; fileRef = AFDD4CAD22FC1BAD00CD8CD5 /* TabBarController.swift */; };
		AFDD4CB122FC21B700CD8CD5 /* BaseRootViewController.swift in Sources */ = {isa = PBXBuildFile; fileRef = AFDD4CB022FC21B700CD8CD5 /* BaseRootViewController.swift */; };
		AFDD4CB822FC266C00CD8CD5 /* Enums.swift in Sources */ = {isa = PBXBuildFile; fileRef = AFDD4CB722FC266C00CD8CD5 /* Enums.swift */; };
		AFDD4CBA22FC278100CD8CD5 /* UIViewEnum+.swift in Sources */ = {isa = PBXBuildFile; fileRef = AFDD4CB922FC278100CD8CD5 /* UIViewEnum+.swift */; };
		AFDD4CBC22FC450500CD8CD5 /* Obejcts+.swift in Sources */ = {isa = PBXBuildFile; fileRef = AFDD4CBB22FC450500CD8CD5 /* Obejcts+.swift */; };
		AFDD4CBE22FC457900CD8CD5 /* Types+.swift in Sources */ = {isa = PBXBuildFile; fileRef = AFDD4CBD22FC457800CD8CD5 /* Types+.swift */; };
		AFDD4CC022FC49E400CD8CD5 /* StaticLists.swift in Sources */ = {isa = PBXBuildFile; fileRef = AFDD4CBF22FC49E400CD8CD5 /* StaticLists.swift */; };
		AFDD4CC322FC634C00CD8CD5 /* UIlabelFlexible.swift in Sources */ = {isa = PBXBuildFile; fileRef = AFDD4CC222FC634C00CD8CD5 /* UIlabelFlexible.swift */; };
		AFDD4CC522FC7AFE00CD8CD5 /* UIViewRounded.swift in Sources */ = {isa = PBXBuildFile; fileRef = AFDD4CC422FC7AFE00CD8CD5 /* UIViewRounded.swift */; };
		AFF0C83822F659D2007D26DD /* AppDelegate.swift in Sources */ = {isa = PBXBuildFile; fileRef = AFF0C83722F659D2007D26DD /* AppDelegate.swift */; };
		AFF0C83D22F659D2007D26DD /* Main.storyboard in Resources */ = {isa = PBXBuildFile; fileRef = AFF0C83B22F659D2007D26DD /* Main.storyboard */; };
		AFF0C84022F659D2007D26DD /* PomangamiOS.xcdatamodeld in Sources */ = {isa = PBXBuildFile; fileRef = AFF0C83E22F659D2007D26DD /* PomangamiOS.xcdatamodeld */; };
		AFF0C84222F659D2007D26DD /* Assets.xcassets in Resources */ = {isa = PBXBuildFile; fileRef = AFF0C84122F659D2007D26DD /* Assets.xcassets */; };
		AFF0C84522F659D2007D26DD /* LaunchScreen.storyboard in Resources */ = {isa = PBXBuildFile; fileRef = AFF0C84322F659D2007D26DD /* LaunchScreen.storyboard */; };
		AFF0C85022F659D2007D26DD /* PomangamiOSTests.swift in Sources */ = {isa = PBXBuildFile; fileRef = AFF0C84F22F659D2007D26DD /* PomangamiOSTests.swift */; };
		AFF0C85B22F659D2007D26DD /* PomangamiOSUITests.swift in Sources */ = {isa = PBXBuildFile; fileRef = AFF0C85A22F659D2007D26DD /* PomangamiOSUITests.swift */; };
		AFF148EC23210514006FB68B /* MarketResponse.swift in Sources */ = {isa = PBXBuildFile; fileRef = AFF148EB23210514006FB68B /* MarketResponse.swift */; };
		F8FBF7B74889204D4B5F49ED /* Pods_PomangamiOS.framework in Frameworks */ = {isa = PBXBuildFile; fileRef = F13865987CA5C8634BA89B50 /* Pods_PomangamiOS.framework */; };
/* End PBXBuildFile section */

/* Begin PBXContainerItemProxy section */
		AFF0C84C22F659D2007D26DD /* PBXContainerItemProxy */ = {
			isa = PBXContainerItemProxy;
			containerPortal = AFF0C82C22F659D2007D26DD /* Project object */;
			proxyType = 1;
			remoteGlobalIDString = AFF0C83322F659D2007D26DD;
			remoteInfo = PomangamiOS;
		};
		AFF0C85722F659D2007D26DD /* PBXContainerItemProxy */ = {
			isa = PBXContainerItemProxy;
			containerPortal = AFF0C82C22F659D2007D26DD /* Project object */;
			proxyType = 1;
			remoteGlobalIDString = AFF0C83322F659D2007D26DD;
			remoteInfo = PomangamiOS;
		};
/* End PBXContainerItemProxy section */

/* Begin PBXFileReference section */
		172BAE90DE915F9CEAD5EA8A /* Pods-PomangamiOS.release.xcconfig */ = {isa = PBXFileReference; includeInIndex = 1; lastKnownFileType = text.xcconfig; name = "Pods-PomangamiOS.release.xcconfig"; path = "Target Support Files/Pods-PomangamiOS/Pods-PomangamiOS.release.xcconfig"; sourceTree = "<group>"; };
		1A0BF4B22345F6CC007A7F21 /* MenuResponse.swift */ = {isa = PBXFileReference; lastKnownFileType = sourcecode.swift; path = MenuResponse.swift; sourceTree = "<group>"; };
		1A39D7EB2345E5050002A3C6 /* MarketDetailResponse.swift */ = {isa = PBXFileReference; lastKnownFileType = sourcecode.swift; path = MarketDetailResponse.swift; sourceTree = "<group>"; };
		1A39D7ED2345E7580002A3C6 /* MarketCommentResponse.swift */ = {isa = PBXFileReference; lastKnownFileType = sourcecode.swift; path = MarketCommentResponse.swift; sourceTree = "<group>"; };
		1A39D7EF2345EC660002A3C6 /* BaseViewController.swift */ = {isa = PBXFileReference; lastKnownFileType = sourcecode.swift; path = BaseViewController.swift; sourceTree = "<group>"; };
		1A3D145223507FEA00ED6D07 /* Objects.swift */ = {isa = PBXFileReference; lastKnownFileType = sourcecode.swift; path = Objects.swift; sourceTree = "<group>"; };
		1A4535D52348696200DFFC8A /* SplashViewController.swift */ = {isa = PBXFileReference; lastKnownFileType = sourcecode.swift; path = SplashViewController.swift; sourceTree = "<group>"; };
		1A4535D72348735800DFFC8A /* DeliveryMenuListCoordinator.swift */ = {isa = PBXFileReference; lastKnownFileType = sourcecode.swift; path = DeliveryMenuListCoordinator.swift; sourceTree = "<group>"; };
		1A4DB1BB2365E6D0008343E6 /* ArrivalTimeViewController.swift */ = {isa = PBXFileReference; lastKnownFileType = sourcecode.swift; path = ArrivalTimeViewController.swift; sourceTree = "<group>"; };
		1A5297B223489A4C00C601BE /* DeliveryOrderCoordinator.swift */ = {isa = PBXFileReference; lastKnownFileType = sourcecode.swift; path = DeliveryOrderCoordinator.swift; sourceTree = "<group>"; };
		1A5405F7236FF88A00AB0C0D /* DeliveryPaymentViewController.swift */ = {isa = PBXFileReference; lastKnownFileType = sourcecode.swift; path = DeliveryPaymentViewController.swift; sourceTree = "<group>"; };
		1A5405F9236FF92200AB0C0D /* DeliveryPaymentCoordinator.swift */ = {isa = PBXFileReference; lastKnownFileType = sourcecode.swift; path = DeliveryPaymentCoordinator.swift; sourceTree = "<group>"; };
		1A5405FC2370181100AB0C0D /* DeliveryPaymentArrivalCell.swift */ = {isa = PBXFileReference; lastKnownFileType = sourcecode.swift; path = DeliveryPaymentArrivalCell.swift; sourceTree = "<group>"; };
		1A5405FD2370181100AB0C0D /* DeliveryPaymentArrivalCell.xib */ = {isa = PBXFileReference; lastKnownFileType = file.xib; path = DeliveryPaymentArrivalCell.xib; sourceTree = "<group>"; };
		1A540600237020D300AB0C0D /* DeliveryPaymentPriceCell.swift */ = {isa = PBXFileReference; lastKnownFileType = sourcecode.swift; path = DeliveryPaymentPriceCell.swift; sourceTree = "<group>"; };
		1A540601237020D300AB0C0D /* DeliveryPaymentPriceCell.xib */ = {isa = PBXFileReference; lastKnownFileType = file.xib; path = DeliveryPaymentPriceCell.xib; sourceTree = "<group>"; };
		1A540604237021AA00AB0C0D /* DeliveryPaymentTypeCell.swift */ = {isa = PBXFileReference; lastKnownFileType = sourcecode.swift; path = DeliveryPaymentTypeCell.swift; sourceTree = "<group>"; };
		1A540605237021AA00AB0C0D /* DeliveryPaymentSelectWayToPay.xib */ = {isa = PBXFileReference; lastKnownFileType = file.xib; path = DeliveryPaymentSelectWayToPay.xib; sourceTree = "<group>"; };
		1A5406082370299100AB0C0D /* DeliveryPaymentCouponCellTableViewCell.swift */ = {isa = PBXFileReference; lastKnownFileType = sourcecode.swift; path = DeliveryPaymentCouponCellTableViewCell.swift; sourceTree = "<group>"; };
		1A5406092370299100AB0C0D /* DeliveryPaymentCouponCellTableViewCell.xib */ = {isa = PBXFileReference; lastKnownFileType = file.xib; path = DeliveryPaymentCouponCellTableViewCell.xib; sourceTree = "<group>"; };
		1A54060C23711AF500AB0C0D /* UIButtonRoundedFilled.swift */ = {isa = PBXFileReference; lastKnownFileType = sourcecode.swift; path = UIButtonRoundedFilled.swift; sourceTree = "<group>"; };
		1A6A10A623459D9C007D2C78 /* PageCell.swift */ = {isa = PBXFileReference; lastKnownFileType = sourcecode.swift; path = PageCell.swift; sourceTree = "<group>"; };
		1A6A10A723459D9C007D2C78 /* PageCell.xib */ = {isa = PBXFileReference; lastKnownFileType = file.xib; path = PageCell.xib; sourceTree = "<group>"; };
		1A6A10AA2345A1F4007D2C78 /* PageChildCell.swift */ = {isa = PBXFileReference; lastKnownFileType = sourcecode.swift; path = PageChildCell.swift; sourceTree = "<group>"; };
		1A6A10AB2345A1F4007D2C78 /* PageChildCell.xib */ = {isa = PBXFileReference; lastKnownFileType = file.xib; path = PageChildCell.xib; sourceTree = "<group>"; };
		1A6A10B22345A2C6007D2C78 /* TabbarCell.swift */ = {isa = PBXFileReference; lastKnownFileType = sourcecode.swift; path = TabbarCell.swift; sourceTree = "<group>"; };
		1A6A10B32345A2C6007D2C78 /* TabbarCell.xib */ = {isa = PBXFileReference; lastKnownFileType = file.xib; path = TabbarCell.xib; sourceTree = "<group>"; };
		1A6A10B62345B59B007D2C78 /* DeliveryTabpagerCell.swift */ = {isa = PBXFileReference; lastKnownFileType = sourcecode.swift; path = DeliveryTabpagerCell.swift; sourceTree = "<group>"; };
		1A6A10B72345B59B007D2C78 /* DeliveryTabpagerCell.xib */ = {isa = PBXFileReference; lastKnownFileType = file.xib; path = DeliveryTabpagerCell.xib; sourceTree = "<group>"; };
		1A6A10BA2345B5B4007D2C78 /* DeliveryMenuListHeaderCell.swift */ = {isa = PBXFileReference; lastKnownFileType = sourcecode.swift; path = DeliveryMenuListHeaderCell.swift; sourceTree = "<group>"; };
		1A6A10BB2345B5B4007D2C78 /* DeliveryMenuListHeaderCell.xib */ = {isa = PBXFileReference; lastKnownFileType = file.xib; path = DeliveryMenuListHeaderCell.xib; sourceTree = "<group>"; };
		1A6A10BE2345BB85007D2C78 /* NotificationCenter+.swift */ = {isa = PBXFileReference; lastKnownFileType = sourcecode.swift; path = "NotificationCenter+.swift"; sourceTree = "<group>"; };
		1A6AF01D2344CB98007ACE44 /* TabPagerLayout.swift */ = {isa = PBXFileReference; lastKnownFileType = sourcecode.swift; path = TabPagerLayout.swift; sourceTree = "<group>"; };
		1A96D9FC236C6B290087D8C0 /* BaseCollectionViewCell.swift */ = {isa = PBXFileReference; lastKnownFileType = sourcecode.swift; path = BaseCollectionViewCell.swift; sourceTree = "<group>"; };
		1A96D9FD236C6B290087D8C0 /* BaseCollectionViewCell.xib */ = {isa = PBXFileReference; lastKnownFileType = file.xib; path = BaseCollectionViewCell.xib; sourceTree = "<group>"; };
		1ABC5E1F234C4E190091731E /* DeliveryOrderForm.swift */ = {isa = PBXFileReference; lastKnownFileType = sourcecode.swift; path = DeliveryOrderForm.swift; sourceTree = "<group>"; };
		1ABC5E23234C60D30091731E /* DeliveryBaseViewController.swift */ = {isa = PBXFileReference; lastKnownFileType = sourcecode.swift; path = DeliveryBaseViewController.swift; sourceTree = "<group>"; };
		1ABC5E28234C6F7C0091731E /* DeliveryCartViewController.swift */ = {isa = PBXFileReference; lastKnownFileType = sourcecode.swift; path = DeliveryCartViewController.swift; sourceTree = "<group>"; };
		1ABC5E2B234C79A00091731E /* DeliveryCartOrderCell.swift */ = {isa = PBXFileReference; lastKnownFileType = sourcecode.swift; path = DeliveryCartOrderCell.swift; sourceTree = "<group>"; };
		1ABC5E2C234C79A00091731E /* DeliveryCartOrderCell.xib */ = {isa = PBXFileReference; lastKnownFileType = file.xib; path = DeliveryCartOrderCell.xib; sourceTree = "<group>"; };
		1ACD80222361B2EB00BFEDCC /* CartNavigationItem.swift */ = {isa = PBXFileReference; lastKnownFileType = sourcecode.swift; path = CartNavigationItem.swift; sourceTree = "<group>"; };
		1ACD80242363256A00BFEDCC /* UIViewAnimation+.swift */ = {isa = PBXFileReference; lastKnownFileType = sourcecode.swift; path = "UIViewAnimation+.swift"; sourceTree = "<group>"; };
		1ACD80262363CDA900BFEDCC /* ArrivalPlaceViewController.swift */ = {isa = PBXFileReference; lastKnownFileType = sourcecode.swift; path = ArrivalPlaceViewController.swift; sourceTree = "<group>"; };
		1ACD80282363DCCE00BFEDCC /* ArrivalInfoCoordinator.swift */ = {isa = PBXFileReference; lastKnownFileType = sourcecode.swift; path = ArrivalInfoCoordinator.swift; sourceTree = "<group>"; };
		1ACD802A23641F8A00BFEDCC /* ArrivalInfosResponse.swift */ = {isa = PBXFileReference; lastKnownFileType = sourcecode.swift; path = ArrivalInfosResponse.swift; sourceTree = "<group>"; };
		1AD25E852349C1FE008A0FF1 /* OptionSelectorView.swift */ = {isa = PBXFileReference; lastKnownFileType = sourcecode.swift; path = OptionSelectorView.swift; sourceTree = "<group>"; };
		1AD93582234F8C6100B41DA5 /* RealmManager.swift */ = {isa = PBXFileReference; lastKnownFileType = sourcecode.swift; path = RealmManager.swift; sourceTree = "<group>"; };
		1AE384B123498E1D00968944 /* TempNavigationController.swift */ = {isa = PBXFileReference; lastKnownFileType = sourcecode.swift; path = TempNavigationController.swift; sourceTree = "<group>"; };
		1AE61FCB234789B40075285B /* DeliveryOrderViewController.swift */ = {isa = PBXFileReference; lastKnownFileType = sourcecode.swift; path = DeliveryOrderViewController.swift; sourceTree = "<group>"; };
		1AE61FCF2347AFDC0075285B /* DeliveryOrderMenuCell.swift */ = {isa = PBXFileReference; lastKnownFileType = sourcecode.swift; path = DeliveryOrderMenuCell.swift; sourceTree = "<group>"; };
		1AE61FD02347AFDC0075285B /* DeliveryOrderMenuCell.xib */ = {isa = PBXFileReference; lastKnownFileType = file.xib; path = DeliveryOrderMenuCell.xib; sourceTree = "<group>"; };
		1AE61FD32347AFF20075285B /* DeliveryOrderOptionCell.swift */ = {isa = PBXFileReference; lastKnownFileType = sourcecode.swift; path = DeliveryOrderOptionCell.swift; sourceTree = "<group>"; };
		1AE61FD42347AFF20075285B /* DeliveryOrderOptionCell.xib */ = {isa = PBXFileReference; lastKnownFileType = file.xib; path = DeliveryOrderOptionCell.xib; sourceTree = "<group>"; };
		1AE61FD72347B0040075285B /* DeliveryOrderRequestCell.swift */ = {isa = PBXFileReference; lastKnownFileType = sourcecode.swift; path = DeliveryOrderRequestCell.swift; sourceTree = "<group>"; };
		1AE61FD82347B0040075285B /* DeliveryOrderRequestCell.xib */ = {isa = PBXFileReference; lastKnownFileType = file.xib; path = DeliveryOrderRequestCell.xib; sourceTree = "<group>"; };
		1AE61FDF2348330A0075285B /* MenuDetailResponse.swift */ = {isa = PBXFileReference; lastKnownFileType = sourcecode.swift; path = MenuDetailResponse.swift; sourceTree = "<group>"; };
		1AE61FE223485D730075285B /* ChildCoordinator.swift */ = {isa = PBXFileReference; lastKnownFileType = sourcecode.swift; path = ChildCoordinator.swift; sourceTree = "<group>"; };
		1AE61FE423485E1E0075285B /* DeliveryCoordinator.swift */ = {isa = PBXFileReference; lastKnownFileType = sourcecode.swift; path = DeliveryCoordinator.swift; sourceTree = "<group>"; };
		1AE61FE62348626C0075285B /* HotdealCoordinator.swift */ = {isa = PBXFileReference; lastKnownFileType = sourcecode.swift; path = HotdealCoordinator.swift; sourceTree = "<group>"; };
		1AE61FE82348627D0075285B /* MoreCoordinator.swift */ = {isa = PBXFileReference; lastKnownFileType = sourcecode.swift; path = MoreCoordinator.swift; sourceTree = "<group>"; };
		1AE61FEA2348628E0075285B /* LoginCoordinator.swift */ = {isa = PBXFileReference; lastKnownFileType = sourcecode.swift; path = LoginCoordinator.swift; sourceTree = "<group>"; };
		1AE61FEC2348629C0075285B /* CommunityCoordinator.swift */ = {isa = PBXFileReference; lastKnownFileType = sourcecode.swift; path = CommunityCoordinator.swift; sourceTree = "<group>"; };
		1AF78F8C23698B6D00371B3A /* MoreMenuListProfileCell.swift */ = {isa = PBXFileReference; lastKnownFileType = sourcecode.swift; path = MoreMenuListProfileCell.swift; sourceTree = "<group>"; };
		1AF78F8D23698B6D00371B3A /* MoreMenuListProfileCell.xib */ = {isa = PBXFileReference; lastKnownFileType = file.xib; path = MoreMenuListProfileCell.xib; sourceTree = "<group>"; };
		1AF78F9023698BAA00371B3A /* MoreMenuListPointCell.swift */ = {isa = PBXFileReference; lastKnownFileType = sourcecode.swift; path = MoreMenuListPointCell.swift; sourceTree = "<group>"; };
		1AF78F9123698BAA00371B3A /* MoreMenuListPointCell.xib */ = {isa = PBXFileReference; lastKnownFileType = file.xib; path = MoreMenuListPointCell.xib; sourceTree = "<group>"; };
		1AF839F4234C7EC50004EFEB /* DeliveryCartOrderHeaderView.swift */ = {isa = PBXFileReference; lastKnownFileType = sourcecode.swift; path = DeliveryCartOrderHeaderView.swift; sourceTree = "<group>"; };
		1AF839F5234C7EC50004EFEB /* DeliveryCartOrderHeaderView.xib */ = {isa = PBXFileReference; lastKnownFileType = file.xib; path = DeliveryCartOrderHeaderView.xib; sourceTree = "<group>"; };
		1AF839F8234C862E0004EFEB /* DeliveryCartOrderFooterView.swift */ = {isa = PBXFileReference; lastKnownFileType = sourcecode.swift; path = DeliveryCartOrderFooterView.swift; sourceTree = "<group>"; };
		1AF839F9234C862E0004EFEB /* DeliveryCartOrderFooterView.xib */ = {isa = PBXFileReference; lastKnownFileType = file.xib; path = DeliveryCartOrderFooterView.xib; sourceTree = "<group>"; };
		1AF839FC234C89660004EFEB /* DeliveryCartPriceCell.swift */ = {isa = PBXFileReference; lastKnownFileType = sourcecode.swift; path = DeliveryCartPriceCell.swift; sourceTree = "<group>"; };
		1AF839FD234C89660004EFEB /* DeliveryCartPriceCell.xib */ = {isa = PBXFileReference; lastKnownFileType = file.xib; path = DeliveryCartPriceCell.xib; sourceTree = "<group>"; };
		3B733C07C54F726A09E26E87 /* Pods-PomangamiOSTests.debug.xcconfig */ = {isa = PBXFileReference; includeInIndex = 1; lastKnownFileType = text.xcconfig; name = "Pods-PomangamiOSTests.debug.xcconfig"; path = "Target Support Files/Pods-PomangamiOSTests/Pods-PomangamiOSTests.debug.xcconfig"; sourceTree = "<group>"; };
		3CC65E7CAA8B949866BEAD9E /* Pods-PomangamiOSUITests.release.xcconfig */ = {isa = PBXFileReference; includeInIndex = 1; lastKnownFileType = text.xcconfig; name = "Pods-PomangamiOSUITests.release.xcconfig"; path = "Target Support Files/Pods-PomangamiOSUITests/Pods-PomangamiOSUITests.release.xcconfig"; sourceTree = "<group>"; };
		4FA5E502C0793B707BD48F10 /* Pods_PomangamiOSUITests.framework */ = {isa = PBXFileReference; explicitFileType = wrapper.framework; includeInIndex = 0; path = Pods_PomangamiOSUITests.framework; sourceTree = BUILT_PRODUCTS_DIR; };
		60DD0172C42936DAECCDAADB /* Pods_PomangamiOSTests.framework */ = {isa = PBXFileReference; explicitFileType = wrapper.framework; includeInIndex = 0; path = Pods_PomangamiOSTests.framework; sourceTree = BUILT_PRODUCTS_DIR; };
		AF11247A230847E0009CAB21 /* DeliveryMenuListViewController.swift */ = {isa = PBXFileReference; lastKnownFileType = sourcecode.swift; path = DeliveryMenuListViewController.swift; sourceTree = "<group>"; };
		AF4A3E86230EFC3C003F3825 /* DeliveryArrivalCell.swift */ = {isa = PBXFileReference; lastKnownFileType = sourcecode.swift; path = DeliveryArrivalCell.swift; sourceTree = "<group>"; };
		AF4A3E87230EFC3C003F3825 /* DeliveryArrivalCell.xib */ = {isa = PBXFileReference; lastKnownFileType = file.xib; path = DeliveryArrivalCell.xib; sourceTree = "<group>"; };
		AF4A3E8E230EFD12003F3825 /* DeliveryMarketCell.swift */ = {isa = PBXFileReference; lastKnownFileType = sourcecode.swift; path = DeliveryMarketCell.swift; sourceTree = "<group>"; };
		AF4A3E8F230EFD12003F3825 /* DeliveryMarketCell.xib */ = {isa = PBXFileReference; lastKnownFileType = file.xib; path = DeliveryMarketCell.xib; sourceTree = "<group>"; };
		AF4A3E96230EFF0F003F3825 /* CellProtocols.swift */ = {isa = PBXFileReference; lastKnownFileType = sourcecode.swift; path = CellProtocols.swift; sourceTree = "<group>"; };
		AF4A3E99230F6FBF003F3825 /* Login.storyboard */ = {isa = PBXFileReference; lastKnownFileType = file.storyboard; path = Login.storyboard; sourceTree = "<group>"; };
		AF4A3E9B230F6FDE003F3825 /* LoginViewController.swift */ = {isa = PBXFileReference; lastKnownFileType = sourcecode.swift; path = LoginViewController.swift; sourceTree = "<group>"; };
		AF4A3E9D230F7466003F3825 /* UITextFieldUnderlined.swift */ = {isa = PBXFileReference; lastKnownFileType = sourcecode.swift; path = UITextFieldUnderlined.swift; sourceTree = "<group>"; };
		AF4A3E9F230F7900003F3825 /* UIColor+.swift */ = {isa = PBXFileReference; lastKnownFileType = sourcecode.swift; path = "UIColor+.swift"; sourceTree = "<group>"; };
		AF4A3EA1230F7B1B003F3825 /* UIButtonSelectorRounded.swift */ = {isa = PBXFileReference; lastKnownFileType = sourcecode.swift; path = UIButtonSelectorRounded.swift; sourceTree = "<group>"; };
		AF4A3EA3230F7EF2003F3825 /* UIButtonCheckable.swift */ = {isa = PBXFileReference; lastKnownFileType = sourcecode.swift; path = UIButtonCheckable.swift; sourceTree = "<group>"; };
		AF4A3EA5230F8364003F3825 /* TokenModel.swift */ = {isa = PBXFileReference; lastKnownFileType = sourcecode.swift; path = TokenModel.swift; sourceTree = "<group>"; };
		AF4A3EA8230F8554003F3825 /* User.swift */ = {isa = PBXFileReference; lastKnownFileType = sourcecode.swift; path = User.swift; sourceTree = "<group>"; };
		AF5B31F7232D3D8E0052F495 /* DropDownLabel.swift */ = {isa = PBXFileReference; lastKnownFileType = sourcecode.swift; path = DropDownLabel.swift; sourceTree = "<group>"; };
		AF6F47C92305A10000B377C7 /* APISourceProtocol.swift */ = {isa = PBXFileReference; lastKnownFileType = sourcecode.swift; path = APISourceProtocol.swift; sourceTree = "<group>"; };
		AF6F47CB2305A19C00B377C7 /* APISource.swift */ = {isa = PBXFileReference; lastKnownFileType = sourcecode.swift; path = APISource.swift; sourceTree = "<group>"; };
		AF6F47CF2305A95600B377C7 /* DeliveryMainResponse.swift */ = {isa = PBXFileReference; lastKnownFileType = sourcecode.swift; path = DeliveryMainResponse.swift; sourceTree = "<group>"; };
		AF8A010B233F21B3002EAEA6 /* DeliveryMarketResponse.swift */ = {isa = PBXFileReference; lastKnownFileType = sourcecode.swift; path = DeliveryMarketResponse.swift; sourceTree = "<group>"; };
		AF99D4EA233A0A3600DB3A95 /* DeliveryHeaderAdvertisementChildCell.swift */ = {isa = PBXFileReference; lastKnownFileType = sourcecode.swift; path = DeliveryHeaderAdvertisementChildCell.swift; sourceTree = "<group>"; };
		AF99D4EB233A0A3600DB3A95 /* DeliveryHeaderAdvertisementChildCell.xib */ = {isa = PBXFileReference; lastKnownFileType = file.xib; path = DeliveryHeaderAdvertisementChildCell.xib; sourceTree = "<group>"; };
		AF99D4EE233A0C7200DB3A95 /* DeliveryHeaderAdvertisementCell.swift */ = {isa = PBXFileReference; lastKnownFileType = sourcecode.swift; path = DeliveryHeaderAdvertisementCell.swift; sourceTree = "<group>"; };
		AF99D4EF233A0C7200DB3A95 /* DeliveryHeaderAdvertisementCell.xib */ = {isa = PBXFileReference; lastKnownFileType = file.xib; path = DeliveryHeaderAdvertisementCell.xib; sourceTree = "<group>"; };
		AFBBB144234216AD0061CFE8 /* TabbarLayout.swift */ = {isa = PBXFileReference; lastKnownFileType = sourcecode.swift; path = TabbarLayout.swift; sourceTree = "<group>"; };
		AFC92E0F233B13C20054D92E /* Delivery.swift */ = {isa = PBXFileReference; lastKnownFileType = sourcecode.swift; path = Delivery.swift; sourceTree = "<group>"; };
		AFC92E11233B152B0054D92E /* ProductResponse.swift */ = {isa = PBXFileReference; lastKnownFileType = sourcecode.swift; path = ProductResponse.swift; sourceTree = "<group>"; };
		AFD5E32B231424B10031E375 /* NavigationTitleDropDownButton.swift */ = {isa = PBXFileReference; lastKnownFileType = sourcecode.swift; path = NavigationTitleDropDownButton.swift; sourceTree = "<group>"; };
		AFDD4C5E22FC0BA200CD8CD5 /* DeliveryViewController.swift */ = {isa = PBXFileReference; lastKnownFileType = sourcecode.swift; path = DeliveryViewController.swift; sourceTree = "<group>"; };
		AFDD4C6022FC0BAD00CD8CD5 /* Delivery.storyboard */ = {isa = PBXFileReference; lastKnownFileType = file.storyboard; path = Delivery.storyboard; sourceTree = "<group>"; };
		AFDD4C6222FC0BBF00CD8CD5 /* HotdealViewController.swift */ = {isa = PBXFileReference; lastKnownFileType = sourcecode.swift; path = HotdealViewController.swift; sourceTree = "<group>"; };
		AFDD4C6422FC0BC700CD8CD5 /* Hotdeal.storyboard */ = {isa = PBXFileReference; lastKnownFileType = file.storyboard; path = Hotdeal.storyboard; sourceTree = "<group>"; };
		AFDD4C6622FC0BD200CD8CD5 /* MoreViewController.swift */ = {isa = PBXFileReference; lastKnownFileType = sourcecode.swift; path = MoreViewController.swift; sourceTree = "<group>"; };
		AFDD4C6822FC0BD900CD8CD5 /* More.storyboard */ = {isa = PBXFileReference; lastKnownFileType = file.storyboard; path = More.storyboard; sourceTree = "<group>"; };
		AFDD4C6A22FC0BE100CD8CD5 /* CommunityViewController.swift */ = {isa = PBXFileReference; lastKnownFileType = sourcecode.swift; path = CommunityViewController.swift; sourceTree = "<group>"; };
		AFDD4C6C22FC0BEA00CD8CD5 /* Community.storyboard */ = {isa = PBXFileReference; lastKnownFileType = file.storyboard; path = Community.storyboard; sourceTree = "<group>"; };
		AFDD4CAB22FC15E600CD8CD5 /* UIViewFunction+.swift */ = {isa = PBXFileReference; lastKnownFileType = sourcecode.swift; path = "UIViewFunction+.swift"; sourceTree = "<group>"; };
		AFDD4CAD22FC1BAD00CD8CD5 /* TabBarController.swift */ = {isa = PBXFileReference; lastKnownFileType = sourcecode.swift; path = TabBarController.swift; sourceTree = "<group>"; };
		AFDD4CB022FC21B700CD8CD5 /* BaseRootViewController.swift */ = {isa = PBXFileReference; lastKnownFileType = sourcecode.swift; path = BaseRootViewController.swift; sourceTree = "<group>"; };
		AFDD4CB722FC266C00CD8CD5 /* Enums.swift */ = {isa = PBXFileReference; lastKnownFileType = sourcecode.swift; path = Enums.swift; sourceTree = "<group>"; };
		AFDD4CB922FC278100CD8CD5 /* UIViewEnum+.swift */ = {isa = PBXFileReference; lastKnownFileType = sourcecode.swift; path = "UIViewEnum+.swift"; sourceTree = "<group>"; };
		AFDD4CBB22FC450500CD8CD5 /* Obejcts+.swift */ = {isa = PBXFileReference; lastKnownFileType = sourcecode.swift; path = "Obejcts+.swift"; sourceTree = "<group>"; };
		AFDD4CBD22FC457800CD8CD5 /* Types+.swift */ = {isa = PBXFileReference; lastKnownFileType = sourcecode.swift; path = "Types+.swift"; sourceTree = "<group>"; };
		AFDD4CBF22FC49E400CD8CD5 /* StaticLists.swift */ = {isa = PBXFileReference; lastKnownFileType = sourcecode.swift; path = StaticLists.swift; sourceTree = "<group>"; };
		AFDD4CC222FC634C00CD8CD5 /* UIlabelFlexible.swift */ = {isa = PBXFileReference; lastKnownFileType = sourcecode.swift; path = UIlabelFlexible.swift; sourceTree = "<group>"; };
		AFDD4CC422FC7AFE00CD8CD5 /* UIViewRounded.swift */ = {isa = PBXFileReference; lastKnownFileType = sourcecode.swift; path = UIViewRounded.swift; sourceTree = "<group>"; };
		AFF0C83422F659D2007D26DD /* PomangamiOS.app */ = {isa = PBXFileReference; explicitFileType = wrapper.application; includeInIndex = 0; path = PomangamiOS.app; sourceTree = BUILT_PRODUCTS_DIR; };
		AFF0C83722F659D2007D26DD /* AppDelegate.swift */ = {isa = PBXFileReference; lastKnownFileType = sourcecode.swift; path = AppDelegate.swift; sourceTree = "<group>"; };
		AFF0C83C22F659D2007D26DD /* Base */ = {isa = PBXFileReference; lastKnownFileType = file.storyboard; name = Base; path = Base.lproj/Main.storyboard; sourceTree = "<group>"; };
		AFF0C83F22F659D2007D26DD /* PomangamiOS.xcdatamodel */ = {isa = PBXFileReference; lastKnownFileType = wrapper.xcdatamodel; path = PomangamiOS.xcdatamodel; sourceTree = "<group>"; };
		AFF0C84122F659D2007D26DD /* Assets.xcassets */ = {isa = PBXFileReference; lastKnownFileType = folder.assetcatalog; path = Assets.xcassets; sourceTree = "<group>"; };
		AFF0C84422F659D2007D26DD /* Base */ = {isa = PBXFileReference; lastKnownFileType = file.storyboard; name = Base; path = Base.lproj/LaunchScreen.storyboard; sourceTree = "<group>"; };
		AFF0C84622F659D2007D26DD /* Info.plist */ = {isa = PBXFileReference; lastKnownFileType = text.plist.xml; path = Info.plist; sourceTree = "<group>"; };
		AFF0C84B22F659D2007D26DD /* PomangamiOSTests.xctest */ = {isa = PBXFileReference; explicitFileType = wrapper.cfbundle; includeInIndex = 0; path = PomangamiOSTests.xctest; sourceTree = BUILT_PRODUCTS_DIR; };
		AFF0C84F22F659D2007D26DD /* PomangamiOSTests.swift */ = {isa = PBXFileReference; lastKnownFileType = sourcecode.swift; path = PomangamiOSTests.swift; sourceTree = "<group>"; };
		AFF0C85122F659D2007D26DD /* Info.plist */ = {isa = PBXFileReference; lastKnownFileType = text.plist.xml; path = Info.plist; sourceTree = "<group>"; };
		AFF0C85622F659D2007D26DD /* PomangamiOSUITests.xctest */ = {isa = PBXFileReference; explicitFileType = wrapper.cfbundle; includeInIndex = 0; path = PomangamiOSUITests.xctest; sourceTree = BUILT_PRODUCTS_DIR; };
		AFF0C85A22F659D2007D26DD /* PomangamiOSUITests.swift */ = {isa = PBXFileReference; lastKnownFileType = sourcecode.swift; path = PomangamiOSUITests.swift; sourceTree = "<group>"; };
		AFF0C85C22F659D2007D26DD /* Info.plist */ = {isa = PBXFileReference; lastKnownFileType = text.plist.xml; path = Info.plist; sourceTree = "<group>"; };
		AFF148EB23210514006FB68B /* MarketResponse.swift */ = {isa = PBXFileReference; lastKnownFileType = sourcecode.swift; path = MarketResponse.swift; sourceTree = "<group>"; };
		B685962A42E324F17307CD35 /* Pods-PomangamiOSUITests.debug.xcconfig */ = {isa = PBXFileReference; includeInIndex = 1; lastKnownFileType = text.xcconfig; name = "Pods-PomangamiOSUITests.debug.xcconfig"; path = "Target Support Files/Pods-PomangamiOSUITests/Pods-PomangamiOSUITests.debug.xcconfig"; sourceTree = "<group>"; };
		C098FA7100CF56A624062F71 /* Pods-PomangamiOS.debug.xcconfig */ = {isa = PBXFileReference; includeInIndex = 1; lastKnownFileType = text.xcconfig; name = "Pods-PomangamiOS.debug.xcconfig"; path = "Target Support Files/Pods-PomangamiOS/Pods-PomangamiOS.debug.xcconfig"; sourceTree = "<group>"; };
		F13865987CA5C8634BA89B50 /* Pods_PomangamiOS.framework */ = {isa = PBXFileReference; explicitFileType = wrapper.framework; includeInIndex = 0; path = Pods_PomangamiOS.framework; sourceTree = BUILT_PRODUCTS_DIR; };
		FCB4CF87CD7F86F36D09009F /* Pods-PomangamiOSTests.release.xcconfig */ = {isa = PBXFileReference; includeInIndex = 1; lastKnownFileType = text.xcconfig; name = "Pods-PomangamiOSTests.release.xcconfig"; path = "Target Support Files/Pods-PomangamiOSTests/Pods-PomangamiOSTests.release.xcconfig"; sourceTree = "<group>"; };
/* End PBXFileReference section */

/* Begin PBXFrameworksBuildPhase section */
		AFF0C83122F659D2007D26DD /* Frameworks */ = {
			isa = PBXFrameworksBuildPhase;
			buildActionMask = 2147483647;
			files = (
				F8FBF7B74889204D4B5F49ED /* Pods_PomangamiOS.framework in Frameworks */,
			);
			runOnlyForDeploymentPostprocessing = 0;
		};
		AFF0C84822F659D2007D26DD /* Frameworks */ = {
			isa = PBXFrameworksBuildPhase;
			buildActionMask = 2147483647;
			files = (
				5E14B85DCC814F29A4A0DAED /* Pods_PomangamiOSTests.framework in Frameworks */,
			);
			runOnlyForDeploymentPostprocessing = 0;
		};
		AFF0C85322F659D2007D26DD /* Frameworks */ = {
			isa = PBXFrameworksBuildPhase;
			buildActionMask = 2147483647;
			files = (
				A08B6FE6CE785B1FAD49EDDB /* Pods_PomangamiOSUITests.framework in Frameworks */,
			);
			runOnlyForDeploymentPostprocessing = 0;
		};
/* End PBXFrameworksBuildPhase section */

/* Begin PBXGroup section */
		1231BE41C461CBFB0F376AED /* Pods */ = {
			isa = PBXGroup;
			children = (
				C098FA7100CF56A624062F71 /* Pods-PomangamiOS.debug.xcconfig */,
				172BAE90DE915F9CEAD5EA8A /* Pods-PomangamiOS.release.xcconfig */,
				3B733C07C54F726A09E26E87 /* Pods-PomangamiOSTests.debug.xcconfig */,
				FCB4CF87CD7F86F36D09009F /* Pods-PomangamiOSTests.release.xcconfig */,
				B685962A42E324F17307CD35 /* Pods-PomangamiOSUITests.debug.xcconfig */,
				3CC65E7CAA8B949866BEAD9E /* Pods-PomangamiOSUITests.release.xcconfig */,
			);
			path = Pods;
			sourceTree = "<group>";
		};
		1A3D145123507FD100ED6D07 /* RealmObject */ = {
			isa = PBXGroup;
			children = (
				1A3D145223507FEA00ED6D07 /* Objects.swift */,
				1AD93582234F8C6100B41DA5 /* RealmManager.swift */,
			);
			path = RealmObject;
			sourceTree = "<group>";
		};
		1A5405FB237017A800AB0C0D /* DeliveryPaymentCell */ = {
			isa = PBXGroup;
			children = (
				1A5405FC2370181100AB0C0D /* DeliveryPaymentArrivalCell.swift */,
				1A5405FD2370181100AB0C0D /* DeliveryPaymentArrivalCell.xib */,
				1A540600237020D300AB0C0D /* DeliveryPaymentPriceCell.swift */,
				1A540601237020D300AB0C0D /* DeliveryPaymentPriceCell.xib */,
				1A540604237021AA00AB0C0D /* DeliveryPaymentTypeCell.swift */,
				1A540605237021AA00AB0C0D /* DeliveryPaymentSelectWayToPay.xib */,
				1A5406082370299100AB0C0D /* DeliveryPaymentCouponCellTableViewCell.swift */,
				1A5406092370299100AB0C0D /* DeliveryPaymentCouponCellTableViewCell.xib */,
			);
			path = DeliveryPaymentCell;
			sourceTree = "<group>";
		};
		1A6AF01C2344CB62007ACE44 /* TabbarPager */ = {
			isa = PBXGroup;
			children = (
				AFBBB144234216AD0061CFE8 /* TabbarLayout.swift */,
				1A6AF01D2344CB98007ACE44 /* TabPagerLayout.swift */,
				1A6A10A623459D9C007D2C78 /* PageCell.swift */,
				1A6A10A723459D9C007D2C78 /* PageCell.xib */,
				1A6A10AA2345A1F4007D2C78 /* PageChildCell.swift */,
				1A6A10AB2345A1F4007D2C78 /* PageChildCell.xib */,
				1A6A10B22345A2C6007D2C78 /* TabbarCell.swift */,
				1A6A10B32345A2C6007D2C78 /* TabbarCell.xib */,
			);
			path = TabbarPager;
			sourceTree = "<group>";
		};
		1ABC5E2A234C79580091731E /* DeliveryCart */ = {
			isa = PBXGroup;
			children = (
				1ABC5E2B234C79A00091731E /* DeliveryCartOrderCell.swift */,
				1ABC5E2C234C79A00091731E /* DeliveryCartOrderCell.xib */,
				1AF839F4234C7EC50004EFEB /* DeliveryCartOrderHeaderView.swift */,
				1AF839F5234C7EC50004EFEB /* DeliveryCartOrderHeaderView.xib */,
				1AF839F8234C862E0004EFEB /* DeliveryCartOrderFooterView.swift */,
				1AF839F9234C862E0004EFEB /* DeliveryCartOrderFooterView.xib */,
				1AF839FC234C89660004EFEB /* DeliveryCartPriceCell.swift */,
				1AF839FD234C89660004EFEB /* DeliveryCartPriceCell.xib */,
			);
			path = DeliveryCart;
			sourceTree = "<group>";
		};
		1AE61FCD2347AF780075285B /* DeliveryMainCell */ = {
			isa = PBXGroup;
			children = (
				AF4A3E86230EFC3C003F3825 /* DeliveryArrivalCell.swift */,
				AF4A3E87230EFC3C003F3825 /* DeliveryArrivalCell.xib */,
				AF4A3E8E230EFD12003F3825 /* DeliveryMarketCell.swift */,
				AF4A3E8F230EFD12003F3825 /* DeliveryMarketCell.xib */,
				AF99D4EE233A0C7200DB3A95 /* DeliveryHeaderAdvertisementCell.swift */,
				AF99D4EF233A0C7200DB3A95 /* DeliveryHeaderAdvertisementCell.xib */,
				AF99D4EA233A0A3600DB3A95 /* DeliveryHeaderAdvertisementChildCell.swift */,
				AF99D4EB233A0A3600DB3A95 /* DeliveryHeaderAdvertisementChildCell.xib */,
			);
			path = DeliveryMainCell;
			sourceTree = "<group>";
		};
		1AE61FCE2347AF890075285B /* DeliveryOrder */ = {
			isa = PBXGroup;
			children = (
				1AE61FCF2347AFDC0075285B /* DeliveryOrderMenuCell.swift */,
				1AE61FD02347AFDC0075285B /* DeliveryOrderMenuCell.xib */,
				1AE61FD32347AFF20075285B /* DeliveryOrderOptionCell.swift */,
				1AE61FD42347AFF20075285B /* DeliveryOrderOptionCell.xib */,
				1AE61FD72347B0040075285B /* DeliveryOrderRequestCell.swift */,
				1AE61FD82347B0040075285B /* DeliveryOrderRequestCell.xib */,
				1ABC5E1F234C4E190091731E /* DeliveryOrderForm.swift */,
			);
			path = DeliveryOrder;
			sourceTree = "<group>";
		};
		1AE61FE123485D540075285B /* Coordinator */ = {
			isa = PBXGroup;
			children = (
				1AE61FE223485D730075285B /* ChildCoordinator.swift */,
				1AE61FE62348626C0075285B /* HotdealCoordinator.swift */,
				1AE61FE82348627D0075285B /* MoreCoordinator.swift */,
				1AE61FEC2348629C0075285B /* CommunityCoordinator.swift */,
				1AE61FEA2348628E0075285B /* LoginCoordinator.swift */,
				1A4535D72348735800DFFC8A /* DeliveryMenuListCoordinator.swift */,
				1A5297B223489A4C00C601BE /* DeliveryOrderCoordinator.swift */,
				1AE61FE423485E1E0075285B /* DeliveryCoordinator.swift */,
				1ACD80282363DCCE00BFEDCC /* ArrivalInfoCoordinator.swift */,
				1A5405F9236FF92200AB0C0D /* DeliveryPaymentCoordinator.swift */,
			);
			path = Coordinator;
			sourceTree = "<group>";
		};
		1AF78F8A23698B1300371B3A /* More */ = {
			isa = PBXGroup;
			children = (
				1AF78F8B23698B1D00371B3A /* MoreMenuListCell */,
			);
			path = More;
			sourceTree = "<group>";
		};
		1AF78F8B23698B1D00371B3A /* MoreMenuListCell */ = {
			isa = PBXGroup;
			children = (
				1AF78F8C23698B6D00371B3A /* MoreMenuListProfileCell.swift */,
				1AF78F8D23698B6D00371B3A /* MoreMenuListProfileCell.xib */,
				1AF78F9023698BAA00371B3A /* MoreMenuListPointCell.swift */,
				1AF78F9123698BAA00371B3A /* MoreMenuListPointCell.xib */,
			);
			path = MoreMenuListCell;
			sourceTree = "<group>";
		};
		AF11247923084729009CAB21 /* Delivery */ = {
			isa = PBXGroup;
			children = (
				1A6AF01C2344CB62007ACE44 /* TabbarPager */,
				AFDD4C6022FC0BAD00CD8CD5 /* Delivery.storyboard */,
				AFDD4C5E22FC0BA200CD8CD5 /* DeliveryViewController.swift */,
				1A5405F7236FF88A00AB0C0D /* DeliveryPaymentViewController.swift */,
				AF11247A230847E0009CAB21 /* DeliveryMenuListViewController.swift */,
				1AE61FCB234789B40075285B /* DeliveryOrderViewController.swift */,
				1ABC5E23234C60D30091731E /* DeliveryBaseViewController.swift */,
				1ABC5E28234C6F7C0091731E /* DeliveryCartViewController.swift */,
				1ACD80262363CDA900BFEDCC /* ArrivalPlaceViewController.swift */,
				1A4DB1BB2365E6D0008343E6 /* ArrivalTimeViewController.swift */,
			);
			path = Delivery;
			sourceTree = "<group>";
		};
		AF4A3E7D230EF9E1003F3825 /* Delivery */ = {
			isa = PBXGroup;
			children = (
				1A5405FB237017A800AB0C0D /* DeliveryPaymentCell */,
				1ABC5E2A234C79580091731E /* DeliveryCart */,
				1AE61FCE2347AF890075285B /* DeliveryOrder */,
				1AE61FCD2347AF780075285B /* DeliveryMainCell */,
				AF8A01E5233F68F1002EAEA6 /* DeliveryMenuListCell */,
			);
			path = Delivery;
			sourceTree = "<group>";
		};
		AF4A3E98230F6FB0003F3825 /* Login */ = {
			isa = PBXGroup;
			children = (
				AF4A3E99230F6FBF003F3825 /* Login.storyboard */,
				AF4A3E9B230F6FDE003F3825 /* LoginViewController.swift */,
				1A4535D52348696200DFFC8A /* SplashViewController.swift */,
			);
			path = Login;
			sourceTree = "<group>";
		};
		AF4A3EA7230F8531003F3825 /* NetworkModel */ = {
			isa = PBXGroup;
			children = (
				AF4A3EA5230F8364003F3825 /* TokenModel.swift */,
				AFF148EB23210514006FB68B /* MarketResponse.swift */,
				AF6F47CF2305A95600B377C7 /* DeliveryMainResponse.swift */,
				AFC92E11233B152B0054D92E /* ProductResponse.swift */,
				AF8A010B233F21B3002EAEA6 /* DeliveryMarketResponse.swift */,
				1A39D7EB2345E5050002A3C6 /* MarketDetailResponse.swift */,
				1A39D7ED2345E7580002A3C6 /* MarketCommentResponse.swift */,
				1A0BF4B22345F6CC007A7F21 /* MenuResponse.swift */,
				1AE61FDF2348330A0075285B /* MenuDetailResponse.swift */,
				1ACD802A23641F8A00BFEDCC /* ArrivalInfosResponse.swift */,
			);
			path = NetworkModel;
			sourceTree = "<group>";
		};
		AF6F47C82305A0C200B377C7 /* Network */ = {
			isa = PBXGroup;
			children = (
				AF6F47C92305A10000B377C7 /* APISourceProtocol.swift */,
				AF6F47CB2305A19C00B377C7 /* APISource.swift */,
			);
			path = Network;
			sourceTree = "<group>";
		};
		AF8A01E5233F68F1002EAEA6 /* DeliveryMenuListCell */ = {
			isa = PBXGroup;
			children = (
				1A6A10B62345B59B007D2C78 /* DeliveryTabpagerCell.swift */,
				1A6A10B72345B59B007D2C78 /* DeliveryTabpagerCell.xib */,
				1A6A10BA2345B5B4007D2C78 /* DeliveryMenuListHeaderCell.swift */,
				1A6A10BB2345B5B4007D2C78 /* DeliveryMenuListHeaderCell.xib */,
			);
			path = DeliveryMenuListCell;
			sourceTree = "<group>";
		};
		AFC92E0E233B13A10054D92E /* Singleton */ = {
			isa = PBXGroup;
			children = (
				AFC92E0F233B13C20054D92E /* Delivery.swift */,
			);
			path = Singleton;
			sourceTree = "<group>";
		};
		AFDD4C1722FBEE4900CD8CD5 /* ViewController */ = {
			isa = PBXGroup;
			children = (
				AF4A3E98230F6FB0003F3825 /* Login */,
				AFDD4CAF22FC219C00CD8CD5 /* Base */,
				AFDD4C5D22FC0B8200CD8CD5 /* Community */,
				AFDD4C5C22FC0B7A00CD8CD5 /* More */,
				AFDD4C5B22FC0B7000CD8CD5 /* Hotdeal */,
				AF11247923084729009CAB21 /* Delivery */,
				AFDD4CAD22FC1BAD00CD8CD5 /* TabBarController.swift */,
				1AE384B123498E1D00968944 /* TempNavigationController.swift */,
				AFF0C83B22F659D2007D26DD /* Main.storyboard */,
			);
			path = ViewController;
			sourceTree = "<group>";
		};
		AFDD4C1822FBEE4D00CD8CD5 /* Model */ = {
			isa = PBXGroup;
			children = (
				1A3D145123507FD100ED6D07 /* RealmObject */,
				AFC92E0E233B13A10054D92E /* Singleton */,
				AF4A3EA7230F8531003F3825 /* NetworkModel */,
				AF4A3EA8230F8554003F3825 /* User.swift */,
			);
			path = Model;
			sourceTree = "<group>";
		};
		AFDD4C1922FBEE4F00CD8CD5 /* Utils */ = {
			isa = PBXGroup;
			children = (
				AFDD4C1B22FBEE5500CD8CD5 /* Extension */,
				AFDD4CB722FC266C00CD8CD5 /* Enums.swift */,
				AFDD4CBF22FC49E400CD8CD5 /* StaticLists.swift */,
			);
			path = Utils;
			sourceTree = "<group>";
		};
		AFDD4C1A22FBEE5300CD8CD5 /* Module */ = {
			isa = PBXGroup;
			children = (
				AF6F47C82305A0C200B377C7 /* Network */,
				1AE61FE123485D540075285B /* Coordinator */,
				AF4A3E96230EFF0F003F3825 /* CellProtocols.swift */,
			);
			path = Module;
			sourceTree = "<group>";
		};
		AFDD4C1B22FBEE5500CD8CD5 /* Extension */ = {
			isa = PBXGroup;
			children = (
				AFDD4CAB22FC15E600CD8CD5 /* UIViewFunction+.swift */,
				AFDD4CB922FC278100CD8CD5 /* UIViewEnum+.swift */,
				1A6A10BE2345BB85007D2C78 /* NotificationCenter+.swift */,
				AFDD4CBB22FC450500CD8CD5 /* Obejcts+.swift */,
				AFDD4CBD22FC457800CD8CD5 /* Types+.swift */,
				AF4A3E9F230F7900003F3825 /* UIColor+.swift */,
				1ACD80242363256A00BFEDCC /* UIViewAnimation+.swift */,
			);
			path = Extension;
			sourceTree = "<group>";
		};
		AFDD4C5922FC0B2B00CD8CD5 /* Supporting Files */ = {
			isa = PBXGroup;
			children = (
				AFF0C83722F659D2007D26DD /* AppDelegate.swift */,
				AFF0C84122F659D2007D26DD /* Assets.xcassets */,
				AFF0C84322F659D2007D26DD /* LaunchScreen.storyboard */,
			);
			path = "Supporting Files";
			sourceTree = "<group>";
		};
		AFDD4C5B22FC0B7000CD8CD5 /* Hotdeal */ = {
			isa = PBXGroup;
			children = (
				AFDD4C6222FC0BBF00CD8CD5 /* HotdealViewController.swift */,
				AFDD4C6422FC0BC700CD8CD5 /* Hotdeal.storyboard */,
			);
			path = Hotdeal;
			sourceTree = "<group>";
		};
		AFDD4C5C22FC0B7A00CD8CD5 /* More */ = {
			isa = PBXGroup;
			children = (
				AFDD4C6622FC0BD200CD8CD5 /* MoreViewController.swift */,
				AFDD4C6822FC0BD900CD8CD5 /* More.storyboard */,
			);
			path = More;
			sourceTree = "<group>";
		};
		AFDD4C5D22FC0B8200CD8CD5 /* Community */ = {
			isa = PBXGroup;
			children = (
				AFDD4C6A22FC0BE100CD8CD5 /* CommunityViewController.swift */,
				AFDD4C6C22FC0BEA00CD8CD5 /* Community.storyboard */,
			);
			path = Community;
			sourceTree = "<group>";
		};
		AFDD4CAF22FC219C00CD8CD5 /* Base */ = {
			isa = PBXGroup;
			children = (
				AFDD4CB022FC21B700CD8CD5 /* BaseRootViewController.swift */,
				1A39D7EF2345EC660002A3C6 /* BaseViewController.swift */,
			);
			path = Base;
			sourceTree = "<group>";
		};
		AFDD4CB222FC24EF00CD8CD5 /* View */ = {
			isa = PBXGroup;
			children = (
				1AF78F8A23698B1300371B3A /* More */,
				AF4A3E7D230EF9E1003F3825 /* Delivery */,
				AFDD4CC122FC632E00CD8CD5 /* Custom */,
				1A96D9FC236C6B290087D8C0 /* BaseCollectionViewCell.swift */,
				1A96D9FD236C6B290087D8C0 /* BaseCollectionViewCell.xib */,
			);
			path = View;
			sourceTree = "<group>";
		};
		AFDD4CC122FC632E00CD8CD5 /* Custom */ = {
			isa = PBXGroup;
			children = (
				1AD25E852349C1FE008A0FF1 /* OptionSelectorView.swift */,
				AFDD4CC222FC634C00CD8CD5 /* UIlabelFlexible.swift */,
				AF4A3E9D230F7466003F3825 /* UITextFieldUnderlined.swift */,
				AFDD4CC422FC7AFE00CD8CD5 /* UIViewRounded.swift */,
				AF4A3EA1230F7B1B003F3825 /* UIButtonSelectorRounded.swift */,
				AF4A3EA3230F7EF2003F3825 /* UIButtonCheckable.swift */,
				AFD5E32B231424B10031E375 /* NavigationTitleDropDownButton.swift */,
				AF5B31F7232D3D8E0052F495 /* DropDownLabel.swift */,
				1ACD80222361B2EB00BFEDCC /* CartNavigationItem.swift */,
				1A54060C23711AF500AB0C0D /* UIButtonRoundedFilled.swift */,
			);
			path = Custom;
			sourceTree = "<group>";
		};
		AFF0C82B22F659D2007D26DD = {
			isa = PBXGroup;
			children = (
				AFF0C83622F659D2007D26DD /* PomangamiOS */,
				AFF0C84E22F659D2007D26DD /* PomangamiOSTests */,
				AFF0C85922F659D2007D26DD /* PomangamiOSUITests */,
				AFF0C83522F659D2007D26DD /* Products */,
				1231BE41C461CBFB0F376AED /* Pods */,
				F46D579B4398164370449D1D /* Frameworks */,
			);
			sourceTree = "<group>";
		};
		AFF0C83522F659D2007D26DD /* Products */ = {
			isa = PBXGroup;
			children = (
				AFF0C83422F659D2007D26DD /* PomangamiOS.app */,
				AFF0C84B22F659D2007D26DD /* PomangamiOSTests.xctest */,
				AFF0C85622F659D2007D26DD /* PomangamiOSUITests.xctest */,
			);
			name = Products;
			sourceTree = "<group>";
		};
		AFF0C83622F659D2007D26DD /* PomangamiOS */ = {
			isa = PBXGroup;
			children = (
				AFDD4C1A22FBEE5300CD8CD5 /* Module */,
				AFDD4C1922FBEE4F00CD8CD5 /* Utils */,
				AFDD4C1822FBEE4D00CD8CD5 /* Model */,
				AFDD4CB222FC24EF00CD8CD5 /* View */,
				AFDD4C1722FBEE4900CD8CD5 /* ViewController */,
				AFDD4C5922FC0B2B00CD8CD5 /* Supporting Files */,
				AFF0C84622F659D2007D26DD /* Info.plist */,
				AFF0C83E22F659D2007D26DD /* PomangamiOS.xcdatamodeld */,
			);
			path = PomangamiOS;
			sourceTree = "<group>";
		};
		AFF0C84E22F659D2007D26DD /* PomangamiOSTests */ = {
			isa = PBXGroup;
			children = (
				AFF0C84F22F659D2007D26DD /* PomangamiOSTests.swift */,
				AFF0C85122F659D2007D26DD /* Info.plist */,
			);
			path = PomangamiOSTests;
			sourceTree = "<group>";
		};
		AFF0C85922F659D2007D26DD /* PomangamiOSUITests */ = {
			isa = PBXGroup;
			children = (
				AFF0C85A22F659D2007D26DD /* PomangamiOSUITests.swift */,
				AFF0C85C22F659D2007D26DD /* Info.plist */,
			);
			path = PomangamiOSUITests;
			sourceTree = "<group>";
		};
		F46D579B4398164370449D1D /* Frameworks */ = {
			isa = PBXGroup;
			children = (
				F13865987CA5C8634BA89B50 /* Pods_PomangamiOS.framework */,
				60DD0172C42936DAECCDAADB /* Pods_PomangamiOSTests.framework */,
				4FA5E502C0793B707BD48F10 /* Pods_PomangamiOSUITests.framework */,
			);
			name = Frameworks;
			sourceTree = "<group>";
		};
/* End PBXGroup section */

/* Begin PBXNativeTarget section */
		AFF0C83322F659D2007D26DD /* PomangamiOS */ = {
			isa = PBXNativeTarget;
			buildConfigurationList = AFF0C85F22F659D2007D26DD /* Build configuration list for PBXNativeTarget "PomangamiOS" */;
			buildPhases = (
				4C24AE27D373388D5EDBADB6 /* [CP] Check Pods Manifest.lock */,
				AFF0C83022F659D2007D26DD /* Sources */,
				AFF0C83122F659D2007D26DD /* Frameworks */,
				AFF0C83222F659D2007D26DD /* Resources */,
				13FB2918BC7F898FFBE5E17D /* [CP] Embed Pods Frameworks */,
			);
			buildRules = (
			);
			dependencies = (
			);
			name = PomangamiOS;
			productName = PomangamiOS;
			productReference = AFF0C83422F659D2007D26DD /* PomangamiOS.app */;
			productType = "com.apple.product-type.application";
		};
		AFF0C84A22F659D2007D26DD /* PomangamiOSTests */ = {
			isa = PBXNativeTarget;
			buildConfigurationList = AFF0C86222F659D2007D26DD /* Build configuration list for PBXNativeTarget "PomangamiOSTests" */;
			buildPhases = (
				A2B512B038DE73CC0F021EBC /* [CP] Check Pods Manifest.lock */,
				AFF0C84722F659D2007D26DD /* Sources */,
				AFF0C84822F659D2007D26DD /* Frameworks */,
				AFF0C84922F659D2007D26DD /* Resources */,
			);
			buildRules = (
			);
			dependencies = (
				AFF0C84D22F659D2007D26DD /* PBXTargetDependency */,
			);
			name = PomangamiOSTests;
			productName = PomangamiOSTests;
			productReference = AFF0C84B22F659D2007D26DD /* PomangamiOSTests.xctest */;
			productType = "com.apple.product-type.bundle.unit-test";
		};
		AFF0C85522F659D2007D26DD /* PomangamiOSUITests */ = {
			isa = PBXNativeTarget;
			buildConfigurationList = AFF0C86522F659D2007D26DD /* Build configuration list for PBXNativeTarget "PomangamiOSUITests" */;
			buildPhases = (
				2420E98EC92AD25390C044D3 /* [CP] Check Pods Manifest.lock */,
				AFF0C85222F659D2007D26DD /* Sources */,
				AFF0C85322F659D2007D26DD /* Frameworks */,
				AFF0C85422F659D2007D26DD /* Resources */,
			);
			buildRules = (
			);
			dependencies = (
				AFF0C85822F659D2007D26DD /* PBXTargetDependency */,
			);
			name = PomangamiOSUITests;
			productName = PomangamiOSUITests;
			productReference = AFF0C85622F659D2007D26DD /* PomangamiOSUITests.xctest */;
			productType = "com.apple.product-type.bundle.ui-testing";
		};
/* End PBXNativeTarget section */

/* Begin PBXProject section */
		AFF0C82C22F659D2007D26DD /* Project object */ = {
			isa = PBXProject;
			attributes = {
				LastSwiftUpdateCheck = 1030;
				LastUpgradeCheck = 1030;
				ORGANIZATIONNAME = "최민섭";
				TargetAttributes = {
					AFF0C83322F659D2007D26DD = {
						CreatedOnToolsVersion = 10.3;
					};
					AFF0C84A22F659D2007D26DD = {
						CreatedOnToolsVersion = 10.3;
						TestTargetID = AFF0C83322F659D2007D26DD;
					};
					AFF0C85522F659D2007D26DD = {
						CreatedOnToolsVersion = 10.3;
						TestTargetID = AFF0C83322F659D2007D26DD;
					};
				};
			};
			buildConfigurationList = AFF0C82F22F659D2007D26DD /* Build configuration list for PBXProject "PomangamiOS" */;
			compatibilityVersion = "Xcode 9.3";
			developmentRegion = en;
			hasScannedForEncodings = 0;
			knownRegions = (
				en,
				Base,
			);
			mainGroup = AFF0C82B22F659D2007D26DD;
			productRefGroup = AFF0C83522F659D2007D26DD /* Products */;
			projectDirPath = "";
			projectRoot = "";
			targets = (
				AFF0C83322F659D2007D26DD /* PomangamiOS */,
				AFF0C84A22F659D2007D26DD /* PomangamiOSTests */,
				AFF0C85522F659D2007D26DD /* PomangamiOSUITests */,
			);
		};
/* End PBXProject section */

/* Begin PBXResourcesBuildPhase section */
		AFF0C83222F659D2007D26DD /* Resources */ = {
			isa = PBXResourcesBuildPhase;
			buildActionMask = 2147483647;
			files = (
				AFDD4C6922FC0BD900CD8CD5 /* More.storyboard in Resources */,
				AF4A3E89230EFC3C003F3825 /* DeliveryArrivalCell.xib in Resources */,
				1A540607237021AA00AB0C0D /* DeliveryPaymentSelectWayToPay.xib in Resources */,
				1AF78F9323698BAA00371B3A /* MoreMenuListPointCell.xib in Resources */,
				1ABC5E2E234C79A00091731E /* DeliveryCartOrderCell.xib in Resources */,
				1A6A10A923459D9C007D2C78 /* PageCell.xib in Resources */,
				AFF0C84522F659D2007D26DD /* LaunchScreen.storyboard in Resources */,
				AFDD4C6D22FC0BEA00CD8CD5 /* Community.storyboard in Resources */,
				1AF839FF234C89660004EFEB /* DeliveryCartPriceCell.xib in Resources */,
				1A54060B2370299100AB0C0D /* DeliveryPaymentCouponCellTableViewCell.xib in Resources */,
				AFF0C84222F659D2007D26DD /* Assets.xcassets in Resources */,
				1A540603237020D300AB0C0D /* DeliveryPaymentPriceCell.xib in Resources */,
				1AE61FDA2347B0040075285B /* DeliveryOrderRequestCell.xib in Resources */,
				1A96D9FF236C6B290087D8C0 /* BaseCollectionViewCell.xib in Resources */,
				1A6A10BD2345B5B4007D2C78 /* DeliveryMenuListHeaderCell.xib in Resources */,
				1AE61FD62347AFF20075285B /* DeliveryOrderOptionCell.xib in Resources */,
				1AE61FD22347AFDC0075285B /* DeliveryOrderMenuCell.xib in Resources */,
				1A5405FF2370181100AB0C0D /* DeliveryPaymentArrivalCell.xib in Resources */,
				AFF0C83D22F659D2007D26DD /* Main.storyboard in Resources */,
				1AF839FB234C862E0004EFEB /* DeliveryCartOrderFooterView.xib in Resources */,
				1A6A10B92345B59B007D2C78 /* DeliveryTabpagerCell.xib in Resources */,
				1AF839F7234C7EC50004EFEB /* DeliveryCartOrderHeaderView.xib in Resources */,
				1A6A10AD2345A1F4007D2C78 /* PageChildCell.xib in Resources */,
				1AF78F8F23698B6D00371B3A /* MoreMenuListProfileCell.xib in Resources */,
				AFDD4C6122FC0BAD00CD8CD5 /* Delivery.storyboard in Resources */,
				AF99D4ED233A0A3600DB3A95 /* DeliveryHeaderAdvertisementChildCell.xib in Resources */,
				1A6A10B52345A2C6007D2C78 /* TabbarCell.xib in Resources */,
				AF99D4F1233A0C7200DB3A95 /* DeliveryHeaderAdvertisementCell.xib in Resources */,
				AF4A3E9A230F6FBF003F3825 /* Login.storyboard in Resources */,
				AFDD4C6522FC0BC700CD8CD5 /* Hotdeal.storyboard in Resources */,
				AF4A3E91230EFD12003F3825 /* DeliveryMarketCell.xib in Resources */,
			);
			runOnlyForDeploymentPostprocessing = 0;
		};
		AFF0C84922F659D2007D26DD /* Resources */ = {
			isa = PBXResourcesBuildPhase;
			buildActionMask = 2147483647;
			files = (
			);
			runOnlyForDeploymentPostprocessing = 0;
		};
		AFF0C85422F659D2007D26DD /* Resources */ = {
			isa = PBXResourcesBuildPhase;
			buildActionMask = 2147483647;
			files = (
			);
			runOnlyForDeploymentPostprocessing = 0;
		};
/* End PBXResourcesBuildPhase section */

/* Begin PBXShellScriptBuildPhase section */
		13FB2918BC7F898FFBE5E17D /* [CP] Embed Pods Frameworks */ = {
			isa = PBXShellScriptBuildPhase;
			buildActionMask = 2147483647;
			files = (
			);
			inputFileListPaths = (
				"${PODS_ROOT}/Target Support Files/Pods-PomangamiOS/Pods-PomangamiOS-frameworks-${CONFIGURATION}-input-files.xcfilelist",
			);
			name = "[CP] Embed Pods Frameworks";
			outputFileListPaths = (
				"${PODS_ROOT}/Target Support Files/Pods-PomangamiOS/Pods-PomangamiOS-frameworks-${CONFIGURATION}-output-files.xcfilelist",
			);
			runOnlyForDeploymentPostprocessing = 0;
			shellPath = /bin/sh;
			shellScript = "\"${PODS_ROOT}/Target Support Files/Pods-PomangamiOS/Pods-PomangamiOS-frameworks.sh\"\n";
			showEnvVarsInLog = 0;
		};
		2420E98EC92AD25390C044D3 /* [CP] Check Pods Manifest.lock */ = {
			isa = PBXShellScriptBuildPhase;
			buildActionMask = 2147483647;
			files = (
			);
			inputFileListPaths = (
			);
			inputPaths = (
				"${PODS_PODFILE_DIR_PATH}/Podfile.lock",
				"${PODS_ROOT}/Manifest.lock",
			);
			name = "[CP] Check Pods Manifest.lock";
			outputFileListPaths = (
			);
			outputPaths = (
				"$(DERIVED_FILE_DIR)/Pods-PomangamiOSUITests-checkManifestLockResult.txt",
			);
			runOnlyForDeploymentPostprocessing = 0;
			shellPath = /bin/sh;
			shellScript = "diff \"${PODS_PODFILE_DIR_PATH}/Podfile.lock\" \"${PODS_ROOT}/Manifest.lock\" > /dev/null\nif [ $? != 0 ] ; then\n    # print error to STDERR\n    echo \"error: The sandbox is not in sync with the Podfile.lock. Run 'pod install' or update your CocoaPods installation.\" >&2\n    exit 1\nfi\n# This output is used by Xcode 'outputs' to avoid re-running this script phase.\necho \"SUCCESS\" > \"${SCRIPT_OUTPUT_FILE_0}\"\n";
			showEnvVarsInLog = 0;
		};
		4C24AE27D373388D5EDBADB6 /* [CP] Check Pods Manifest.lock */ = {
			isa = PBXShellScriptBuildPhase;
			buildActionMask = 2147483647;
			files = (
			);
			inputFileListPaths = (
			);
			inputPaths = (
				"${PODS_PODFILE_DIR_PATH}/Podfile.lock",
				"${PODS_ROOT}/Manifest.lock",
			);
			name = "[CP] Check Pods Manifest.lock";
			outputFileListPaths = (
			);
			outputPaths = (
				"$(DERIVED_FILE_DIR)/Pods-PomangamiOS-checkManifestLockResult.txt",
			);
			runOnlyForDeploymentPostprocessing = 0;
			shellPath = /bin/sh;
			shellScript = "diff \"${PODS_PODFILE_DIR_PATH}/Podfile.lock\" \"${PODS_ROOT}/Manifest.lock\" > /dev/null\nif [ $? != 0 ] ; then\n    # print error to STDERR\n    echo \"error: The sandbox is not in sync with the Podfile.lock. Run 'pod install' or update your CocoaPods installation.\" >&2\n    exit 1\nfi\n# This output is used by Xcode 'outputs' to avoid re-running this script phase.\necho \"SUCCESS\" > \"${SCRIPT_OUTPUT_FILE_0}\"\n";
			showEnvVarsInLog = 0;
		};
		A2B512B038DE73CC0F021EBC /* [CP] Check Pods Manifest.lock */ = {
			isa = PBXShellScriptBuildPhase;
			buildActionMask = 2147483647;
			files = (
			);
			inputFileListPaths = (
			);
			inputPaths = (
				"${PODS_PODFILE_DIR_PATH}/Podfile.lock",
				"${PODS_ROOT}/Manifest.lock",
			);
			name = "[CP] Check Pods Manifest.lock";
			outputFileListPaths = (
			);
			outputPaths = (
				"$(DERIVED_FILE_DIR)/Pods-PomangamiOSTests-checkManifestLockResult.txt",
			);
			runOnlyForDeploymentPostprocessing = 0;
			shellPath = /bin/sh;
			shellScript = "diff \"${PODS_PODFILE_DIR_PATH}/Podfile.lock\" \"${PODS_ROOT}/Manifest.lock\" > /dev/null\nif [ $? != 0 ] ; then\n    # print error to STDERR\n    echo \"error: The sandbox is not in sync with the Podfile.lock. Run 'pod install' or update your CocoaPods installation.\" >&2\n    exit 1\nfi\n# This output is used by Xcode 'outputs' to avoid re-running this script phase.\necho \"SUCCESS\" > \"${SCRIPT_OUTPUT_FILE_0}\"\n";
			showEnvVarsInLog = 0;
		};
/* End PBXShellScriptBuildPhase section */

/* Begin PBXSourcesBuildPhase section */
		AFF0C83022F659D2007D26DD /* Sources */ = {
			isa = PBXSourcesBuildPhase;
			buildActionMask = 2147483647;
			files = (
				1A5405FA236FF92200AB0C0D /* DeliveryPaymentCoordinator.swift in Sources */,
				1AE61FD92347B0040075285B /* DeliveryOrderRequestCell.swift in Sources */,
				1A54060A2370299100AB0C0D /* DeliveryPaymentCouponCellTableViewCell.swift in Sources */,
				1ACD802B23641F8A00BFEDCC /* ArrivalInfosResponse.swift in Sources */,
				1A3D145323507FEA00ED6D07 /* Objects.swift in Sources */,
				1A6A10B42345A2C6007D2C78 /* TabbarCell.swift in Sources */,
				1AE61FD52347AFF20075285B /* DeliveryOrderOptionCell.swift in Sources */,
				AFDD4C6B22FC0BE100CD8CD5 /* CommunityViewController.swift in Sources */,
				AFBBB145234216AD0061CFE8 /* TabbarLayout.swift in Sources */,
				1AE61FE323485D730075285B /* ChildCoordinator.swift in Sources */,
				1A4DB1BC2365E6D0008343E6 /* ArrivalTimeViewController.swift in Sources */,
				1AF839F6234C7EC50004EFEB /* DeliveryCartOrderHeaderView.swift in Sources */,
				AF4A3EA4230F7EF2003F3825 /* UIButtonCheckable.swift in Sources */,
				AF4A3E97230EFF0F003F3825 /* CellProtocols.swift in Sources */,
				AF4A3E90230EFD12003F3825 /* DeliveryMarketCell.swift in Sources */,
				1A540602237020D300AB0C0D /* DeliveryPaymentPriceCell.swift in Sources */,
				1AE61FE92348627D0075285B /* MoreCoordinator.swift in Sources */,
				1ABC5E20234C4E190091731E /* DeliveryOrderForm.swift in Sources */,
				1AD25E862349C1FE008A0FF1 /* OptionSelectorView.swift in Sources */,
				1ABC5E29234C6F7C0091731E /* DeliveryCartViewController.swift in Sources */,
				1A6A10A823459D9C007D2C78 /* PageCell.swift in Sources */,
				1AF839FE234C89660004EFEB /* DeliveryCartPriceCell.swift in Sources */,
				1ACD80292363DCCE00BFEDCC /* ArrivalInfoCoordinator.swift in Sources */,
				AF5B31F8232D3D8E0052F495 /* DropDownLabel.swift in Sources */,
				AFDD4CC522FC7AFE00CD8CD5 /* UIViewRounded.swift in Sources */,
				1AE61FD12347AFDC0075285B /* DeliveryOrderMenuCell.swift in Sources */,
				AFDD4CBC22FC450500CD8CD5 /* Obejcts+.swift in Sources */,
				1AE61FE02348330A0075285B /* MenuDetailResponse.swift in Sources */,
				1AE384B223498E1D00968944 /* TempNavigationController.swift in Sources */,
				1AF839FA234C862E0004EFEB /* DeliveryCartOrderFooterView.swift in Sources */,
				1A4535D82348735800DFFC8A /* DeliveryMenuListCoordinator.swift in Sources */,
				AFD5E32C231424B10031E375 /* NavigationTitleDropDownButton.swift in Sources */,
				1A39D7EC2345E5050002A3C6 /* MarketDetailResponse.swift in Sources */,
				1A39D7EE2345E7580002A3C6 /* MarketCommentResponse.swift in Sources */,
				AFDD4C6722FC0BD200CD8CD5 /* MoreViewController.swift in Sources */,
				AF6F47CC2305A19C00B377C7 /* APISource.swift in Sources */,
				1AF78F9223698BAA00371B3A /* MoreMenuListPointCell.swift in Sources */,
				1AE61FCC234789B40075285B /* DeliveryOrderViewController.swift in Sources */,
				1AE61FED2348629C0075285B /* CommunityCoordinator.swift in Sources */,
				1A6A10B82345B59B007D2C78 /* DeliveryTabpagerCell.swift in Sources */,
				AF99D4F0233A0C7200DB3A95 /* DeliveryHeaderAdvertisementCell.swift in Sources */,
				AFDD4CC022FC49E400CD8CD5 /* StaticLists.swift in Sources */,
				AFDD4CAC22FC15E600CD8CD5 /* UIViewFunction+.swift in Sources */,
				AF4A3E9C230F6FDE003F3825 /* LoginViewController.swift in Sources */,
				AFC92E10233B13C20054D92E /* Delivery.swift in Sources */,
				1ABC5E2D234C79A00091731E /* DeliveryCartOrderCell.swift in Sources */,
				AFC92E12233B152B0054D92E /* ProductResponse.swift in Sources */,
				1A4535D62348696200DFFC8A /* SplashViewController.swift in Sources */,
				AF6F47CA2305A10000B377C7 /* APISourceProtocol.swift in Sources */,
				1AD93583234F8C6100B41DA5 /* RealmManager.swift in Sources */,
				AF11247B230847E0009CAB21 /* DeliveryMenuListViewController.swift in Sources */,
				AFDD4CC322FC634C00CD8CD5 /* UIlabelFlexible.swift in Sources */,
				1A6AF01E2344CB98007ACE44 /* TabPagerLayout.swift in Sources */,
				AF4A3EA9230F8554003F3825 /* User.swift in Sources */,
				AFF148EC23210514006FB68B /* MarketResponse.swift in Sources */,
				1A5297B323489A4C00C601BE /* DeliveryOrderCoordinator.swift in Sources */,
				AF8A010C233F21B3002EAEA6 /* DeliveryMarketResponse.swift in Sources */,
				AF4A3EA6230F8364003F3825 /* TokenModel.swift in Sources */,
				1A0BF4B32345F6CC007A7F21 /* MenuResponse.swift in Sources */,
				AF4A3E9E230F7466003F3825 /* UITextFieldUnderlined.swift in Sources */,
				1AF78F8E23698B6D00371B3A /* MoreMenuListProfileCell.swift in Sources */,
				1ABC5E24234C60D30091731E /* DeliveryBaseViewController.swift in Sources */,
				AF99D4EC233A0A3600DB3A95 /* DeliveryHeaderAdvertisementChildCell.swift in Sources */,
				1A54060D23711AF500AB0C0D /* UIButtonRoundedFilled.swift in Sources */,
				AFDD4CBE22FC457900CD8CD5 /* Types+.swift in Sources */,
				1A5405F8236FF88A00AB0C0D /* DeliveryPaymentViewController.swift in Sources */,
				1A5405FE2370181100AB0C0D /* DeliveryPaymentArrivalCell.swift in Sources */,
				AFDD4CAE22FC1BAD00CD8CD5 /* TabBarController.swift in Sources */,
				AFF0C83822F659D2007D26DD /* AppDelegate.swift in Sources */,
				AFDD4CBA22FC278100CD8CD5 /* UIViewEnum+.swift in Sources */,
				AFDD4C6322FC0BBF00CD8CD5 /* HotdealViewController.swift in Sources */,
				1ACD80232361B2EB00BFEDCC /* CartNavigationItem.swift in Sources */,
				1ACD80252363256A00BFEDCC /* UIViewAnimation+.swift in Sources */,
				1AE61FEB2348628E0075285B /* LoginCoordinator.swift in Sources */,
				1AE61FE523485E1E0075285B /* DeliveryCoordinator.swift in Sources */,
				AF6F47D02305A95600B377C7 /* DeliveryMainResponse.swift in Sources */,
				AF4A3EA0230F7900003F3825 /* UIColor+.swift in Sources */,
				1AE61FE72348626C0075285B /* HotdealCoordinator.swift in Sources */,
				AFF0C84022F659D2007D26DD /* PomangamiOS.xcdatamodeld in Sources */,
				1ACD80272363CDA900BFEDCC /* ArrivalPlaceViewController.swift in Sources */,
				AFDD4CB122FC21B700CD8CD5 /* BaseRootViewController.swift in Sources */,
				1A96D9FE236C6B290087D8C0 /* BaseCollectionViewCell.swift in Sources */,
				AF4A3E88230EFC3C003F3825 /* DeliveryArrivalCell.swift in Sources */,
				AFDD4CB822FC266C00CD8CD5 /* Enums.swift in Sources */,
				1A6A10BC2345B5B4007D2C78 /* DeliveryMenuListHeaderCell.swift in Sources */,
				1A39D7F02345EC660002A3C6 /* BaseViewController.swift in Sources */,
				AF4A3EA2230F7B1B003F3825 /* UIButtonSelectorRounded.swift in Sources */,
				AFDD4C5F22FC0BA200CD8CD5 /* DeliveryViewController.swift in Sources */,
				1A540606237021AA00AB0C0D /* DeliveryPaymentTypeCell.swift in Sources */,
				1A6A10AC2345A1F4007D2C78 /* PageChildCell.swift in Sources */,
				1A6A10BF2345BB85007D2C78 /* NotificationCenter+.swift in Sources */,
			);
			runOnlyForDeploymentPostprocessing = 0;
		};
		AFF0C84722F659D2007D26DD /* Sources */ = {
			isa = PBXSourcesBuildPhase;
			buildActionMask = 2147483647;
			files = (
				AFF0C85022F659D2007D26DD /* PomangamiOSTests.swift in Sources */,
			);
			runOnlyForDeploymentPostprocessing = 0;
		};
		AFF0C85222F659D2007D26DD /* Sources */ = {
			isa = PBXSourcesBuildPhase;
			buildActionMask = 2147483647;
			files = (
				AFF0C85B22F659D2007D26DD /* PomangamiOSUITests.swift in Sources */,
			);
			runOnlyForDeploymentPostprocessing = 0;
		};
/* End PBXSourcesBuildPhase section */

/* Begin PBXTargetDependency section */
		AFF0C84D22F659D2007D26DD /* PBXTargetDependency */ = {
			isa = PBXTargetDependency;
			target = AFF0C83322F659D2007D26DD /* PomangamiOS */;
			targetProxy = AFF0C84C22F659D2007D26DD /* PBXContainerItemProxy */;
		};
		AFF0C85822F659D2007D26DD /* PBXTargetDependency */ = {
			isa = PBXTargetDependency;
			target = AFF0C83322F659D2007D26DD /* PomangamiOS */;
			targetProxy = AFF0C85722F659D2007D26DD /* PBXContainerItemProxy */;
		};
/* End PBXTargetDependency section */

/* Begin PBXVariantGroup section */
		AFF0C83B22F659D2007D26DD /* Main.storyboard */ = {
			isa = PBXVariantGroup;
			children = (
				AFF0C83C22F659D2007D26DD /* Base */,
			);
			name = Main.storyboard;
			sourceTree = "<group>";
		};
		AFF0C84322F659D2007D26DD /* LaunchScreen.storyboard */ = {
			isa = PBXVariantGroup;
			children = (
				AFF0C84422F659D2007D26DD /* Base */,
			);
			name = LaunchScreen.storyboard;
			sourceTree = "<group>";
		};
/* End PBXVariantGroup section */

/* Begin XCBuildConfiguration section */
		AFF0C85D22F659D2007D26DD /* Debug */ = {
			isa = XCBuildConfiguration;
			buildSettings = {
				ALWAYS_SEARCH_USER_PATHS = NO;
				CLANG_ANALYZER_NONNULL = YES;
				CLANG_ANALYZER_NUMBER_OBJECT_CONVERSION = YES_AGGRESSIVE;
				CLANG_CXX_LANGUAGE_STANDARD = "gnu++14";
				CLANG_CXX_LIBRARY = "libc++";
				CLANG_ENABLE_MODULES = YES;
				CLANG_ENABLE_OBJC_ARC = YES;
				CLANG_ENABLE_OBJC_WEAK = YES;
				CLANG_WARN_BLOCK_CAPTURE_AUTORELEASING = YES;
				CLANG_WARN_BOOL_CONVERSION = YES;
				CLANG_WARN_COMMA = YES;
				CLANG_WARN_CONSTANT_CONVERSION = YES;
				CLANG_WARN_DEPRECATED_OBJC_IMPLEMENTATIONS = YES;
				CLANG_WARN_DIRECT_OBJC_ISA_USAGE = YES_ERROR;
				CLANG_WARN_DOCUMENTATION_COMMENTS = YES;
				CLANG_WARN_EMPTY_BODY = YES;
				CLANG_WARN_ENUM_CONVERSION = YES;
				CLANG_WARN_INFINITE_RECURSION = YES;
				CLANG_WARN_INT_CONVERSION = YES;
				CLANG_WARN_NON_LITERAL_NULL_CONVERSION = YES;
				CLANG_WARN_OBJC_IMPLICIT_RETAIN_SELF = YES;
				CLANG_WARN_OBJC_LITERAL_CONVERSION = YES;
				CLANG_WARN_OBJC_ROOT_CLASS = YES_ERROR;
				CLANG_WARN_RANGE_LOOP_ANALYSIS = YES;
				CLANG_WARN_STRICT_PROTOTYPES = YES;
				CLANG_WARN_SUSPICIOUS_MOVE = YES;
				CLANG_WARN_UNGUARDED_AVAILABILITY = YES_AGGRESSIVE;
				CLANG_WARN_UNREACHABLE_CODE = YES;
				CLANG_WARN__DUPLICATE_METHOD_MATCH = YES;
				CODE_SIGN_IDENTITY = "iPhone Developer";
				COPY_PHASE_STRIP = NO;
				DEBUG_INFORMATION_FORMAT = dwarf;
				ENABLE_STRICT_OBJC_MSGSEND = YES;
				ENABLE_TESTABILITY = YES;
				GCC_C_LANGUAGE_STANDARD = gnu11;
				GCC_DYNAMIC_NO_PIC = NO;
				GCC_NO_COMMON_BLOCKS = YES;
				GCC_OPTIMIZATION_LEVEL = 0;
				GCC_PREPROCESSOR_DEFINITIONS = (
					"DEBUG=1",
					"$(inherited)",
				);
				GCC_WARN_64_TO_32_BIT_CONVERSION = YES;
				GCC_WARN_ABOUT_RETURN_TYPE = YES_ERROR;
				GCC_WARN_UNDECLARED_SELECTOR = YES;
				GCC_WARN_UNINITIALIZED_AUTOS = YES_AGGRESSIVE;
				GCC_WARN_UNUSED_FUNCTION = YES;
				GCC_WARN_UNUSED_VARIABLE = YES;
				IPHONEOS_DEPLOYMENT_TARGET = 10.0;
				MTL_ENABLE_DEBUG_INFO = INCLUDE_SOURCE;
				MTL_FAST_MATH = YES;
				ONLY_ACTIVE_ARCH = YES;
				SDKROOT = iphoneos;
				SWIFT_ACTIVE_COMPILATION_CONDITIONS = DEBUG;
				SWIFT_OPTIMIZATION_LEVEL = "-Onone";
				SWIFT_VERSION = 4.2;
			};
			name = Debug;
		};
		AFF0C85E22F659D2007D26DD /* Release */ = {
			isa = XCBuildConfiguration;
			buildSettings = {
				ALWAYS_SEARCH_USER_PATHS = NO;
				CLANG_ANALYZER_NONNULL = YES;
				CLANG_ANALYZER_NUMBER_OBJECT_CONVERSION = YES_AGGRESSIVE;
				CLANG_CXX_LANGUAGE_STANDARD = "gnu++14";
				CLANG_CXX_LIBRARY = "libc++";
				CLANG_ENABLE_MODULES = YES;
				CLANG_ENABLE_OBJC_ARC = YES;
				CLANG_ENABLE_OBJC_WEAK = YES;
				CLANG_WARN_BLOCK_CAPTURE_AUTORELEASING = YES;
				CLANG_WARN_BOOL_CONVERSION = YES;
				CLANG_WARN_COMMA = YES;
				CLANG_WARN_CONSTANT_CONVERSION = YES;
				CLANG_WARN_DEPRECATED_OBJC_IMPLEMENTATIONS = YES;
				CLANG_WARN_DIRECT_OBJC_ISA_USAGE = YES_ERROR;
				CLANG_WARN_DOCUMENTATION_COMMENTS = YES;
				CLANG_WARN_EMPTY_BODY = YES;
				CLANG_WARN_ENUM_CONVERSION = YES;
				CLANG_WARN_INFINITE_RECURSION = YES;
				CLANG_WARN_INT_CONVERSION = YES;
				CLANG_WARN_NON_LITERAL_NULL_CONVERSION = YES;
				CLANG_WARN_OBJC_IMPLICIT_RETAIN_SELF = YES;
				CLANG_WARN_OBJC_LITERAL_CONVERSION = YES;
				CLANG_WARN_OBJC_ROOT_CLASS = YES_ERROR;
				CLANG_WARN_RANGE_LOOP_ANALYSIS = YES;
				CLANG_WARN_STRICT_PROTOTYPES = YES;
				CLANG_WARN_SUSPICIOUS_MOVE = YES;
				CLANG_WARN_UNGUARDED_AVAILABILITY = YES_AGGRESSIVE;
				CLANG_WARN_UNREACHABLE_CODE = YES;
				CLANG_WARN__DUPLICATE_METHOD_MATCH = YES;
				CODE_SIGN_IDENTITY = "iPhone Developer";
				COPY_PHASE_STRIP = NO;
				DEBUG_INFORMATION_FORMAT = "dwarf-with-dsym";
				ENABLE_NS_ASSERTIONS = NO;
				ENABLE_STRICT_OBJC_MSGSEND = YES;
				GCC_C_LANGUAGE_STANDARD = gnu11;
				GCC_NO_COMMON_BLOCKS = YES;
				GCC_WARN_64_TO_32_BIT_CONVERSION = YES;
				GCC_WARN_ABOUT_RETURN_TYPE = YES_ERROR;
				GCC_WARN_UNDECLARED_SELECTOR = YES;
				GCC_WARN_UNINITIALIZED_AUTOS = YES_AGGRESSIVE;
				GCC_WARN_UNUSED_FUNCTION = YES;
				GCC_WARN_UNUSED_VARIABLE = YES;
				IPHONEOS_DEPLOYMENT_TARGET = 10.0;
				MTL_ENABLE_DEBUG_INFO = NO;
				MTL_FAST_MATH = YES;
				SDKROOT = iphoneos;
				SWIFT_COMPILATION_MODE = wholemodule;
				SWIFT_OPTIMIZATION_LEVEL = "-O";
				SWIFT_VERSION = 4.2;
				VALIDATE_PRODUCT = YES;
			};
			name = Release;
		};
		AFF0C86022F659D2007D26DD /* Debug */ = {
			isa = XCBuildConfiguration;
			baseConfigurationReference = C098FA7100CF56A624062F71 /* Pods-PomangamiOS.debug.xcconfig */;
			buildSettings = {
				ASSETCATALOG_COMPILER_APPICON_NAME = AppIcon;
				CODE_SIGN_STYLE = Automatic;
				DEVELOPMENT_TEAM = CJ9DCX3V4H;
				INFOPLIST_FILE = PomangamiOS/Info.plist;
				LD_RUNPATH_SEARCH_PATHS = (
					"$(inherited)",
					"@executable_path/Frameworks",
				);
				PRODUCT_BUNDLE_IDENTIFIER = kau.com.PomangamiOS;
				PRODUCT_NAME = "$(TARGET_NAME)";
				SWIFT_VERSION = 4.2;
				TARGETED_DEVICE_FAMILY = 1;
			};
			name = Debug;
		};
		AFF0C86122F659D2007D26DD /* Release */ = {
			isa = XCBuildConfiguration;
			baseConfigurationReference = 172BAE90DE915F9CEAD5EA8A /* Pods-PomangamiOS.release.xcconfig */;
			buildSettings = {
				ASSETCATALOG_COMPILER_APPICON_NAME = AppIcon;
				CODE_SIGN_STYLE = Automatic;
				DEVELOPMENT_TEAM = CJ9DCX3V4H;
				INFOPLIST_FILE = PomangamiOS/Info.plist;
				LD_RUNPATH_SEARCH_PATHS = (
					"$(inherited)",
					"@executable_path/Frameworks",
				);
				PRODUCT_BUNDLE_IDENTIFIER = kau.com.PomangamiOS;
				PRODUCT_NAME = "$(TARGET_NAME)";
				SWIFT_VERSION = 4.2;
				TARGETED_DEVICE_FAMILY = 1;
			};
			name = Release;
		};
		AFF0C86322F659D2007D26DD /* Debug */ = {
			isa = XCBuildConfiguration;
			baseConfigurationReference = 3B733C07C54F726A09E26E87 /* Pods-PomangamiOSTests.debug.xcconfig */;
			buildSettings = {
				ALWAYS_EMBED_SWIFT_STANDARD_LIBRARIES = YES;
				BUNDLE_LOADER = "$(TEST_HOST)";
				CODE_SIGN_STYLE = Automatic;
				DEVELOPMENT_TEAM = CJ9DCX3V4H;
				INFOPLIST_FILE = PomangamiOSTests/Info.plist;
				LD_RUNPATH_SEARCH_PATHS = (
					"$(inherited)",
					"@executable_path/Frameworks",
					"@loader_path/Frameworks",
				);
				PRODUCT_BUNDLE_IDENTIFIER = kau.com.PomangamiOSTests;
				PRODUCT_NAME = "$(TARGET_NAME)";
				SWIFT_VERSION = 5.0;
				TARGETED_DEVICE_FAMILY = "1,2";
				TEST_HOST = "$(BUILT_PRODUCTS_DIR)/PomangamiOS.app/PomangamiOS";
			};
			name = Debug;
		};
		AFF0C86422F659D2007D26DD /* Release */ = {
			isa = XCBuildConfiguration;
			baseConfigurationReference = FCB4CF87CD7F86F36D09009F /* Pods-PomangamiOSTests.release.xcconfig */;
			buildSettings = {
				ALWAYS_EMBED_SWIFT_STANDARD_LIBRARIES = YES;
				BUNDLE_LOADER = "$(TEST_HOST)";
				CODE_SIGN_STYLE = Automatic;
				DEVELOPMENT_TEAM = CJ9DCX3V4H;
				INFOPLIST_FILE = PomangamiOSTests/Info.plist;
				LD_RUNPATH_SEARCH_PATHS = (
					"$(inherited)",
					"@executable_path/Frameworks",
					"@loader_path/Frameworks",
				);
				PRODUCT_BUNDLE_IDENTIFIER = kau.com.PomangamiOSTests;
				PRODUCT_NAME = "$(TARGET_NAME)";
				SWIFT_VERSION = 5.0;
				TARGETED_DEVICE_FAMILY = "1,2";
				TEST_HOST = "$(BUILT_PRODUCTS_DIR)/PomangamiOS.app/PomangamiOS";
			};
			name = Release;
		};
		AFF0C86622F659D2007D26DD /* Debug */ = {
			isa = XCBuildConfiguration;
			baseConfigurationReference = B685962A42E324F17307CD35 /* Pods-PomangamiOSUITests.debug.xcconfig */;
			buildSettings = {
				ALWAYS_EMBED_SWIFT_STANDARD_LIBRARIES = YES;
				CODE_SIGN_STYLE = Automatic;
				DEVELOPMENT_TEAM = CJ9DCX3V4H;
				INFOPLIST_FILE = PomangamiOSUITests/Info.plist;
				LD_RUNPATH_SEARCH_PATHS = (
					"$(inherited)",
					"@executable_path/Frameworks",
					"@loader_path/Frameworks",
				);
				PRODUCT_BUNDLE_IDENTIFIER = kau.com.PomangamiOSUITests;
				PRODUCT_NAME = "$(TARGET_NAME)";
				SWIFT_VERSION = 5.0;
				TARGETED_DEVICE_FAMILY = "1,2";
				TEST_TARGET_NAME = PomangamiOS;
			};
			name = Debug;
		};
		AFF0C86722F659D2007D26DD /* Release */ = {
			isa = XCBuildConfiguration;
			baseConfigurationReference = 3CC65E7CAA8B949866BEAD9E /* Pods-PomangamiOSUITests.release.xcconfig */;
			buildSettings = {
				ALWAYS_EMBED_SWIFT_STANDARD_LIBRARIES = YES;
				CODE_SIGN_STYLE = Automatic;
				DEVELOPMENT_TEAM = CJ9DCX3V4H;
				INFOPLIST_FILE = PomangamiOSUITests/Info.plist;
				LD_RUNPATH_SEARCH_PATHS = (
					"$(inherited)",
					"@executable_path/Frameworks",
					"@loader_path/Frameworks",
				);
				PRODUCT_BUNDLE_IDENTIFIER = kau.com.PomangamiOSUITests;
				PRODUCT_NAME = "$(TARGET_NAME)";
				SWIFT_VERSION = 5.0;
				TARGETED_DEVICE_FAMILY = "1,2";
				TEST_TARGET_NAME = PomangamiOS;
			};
			name = Release;
		};
/* End XCBuildConfiguration section */

/* Begin XCConfigurationList section */
		AFF0C82F22F659D2007D26DD /* Build configuration list for PBXProject "PomangamiOS" */ = {
			isa = XCConfigurationList;
			buildConfigurations = (
				AFF0C85D22F659D2007D26DD /* Debug */,
				AFF0C85E22F659D2007D26DD /* Release */,
			);
			defaultConfigurationIsVisible = 0;
			defaultConfigurationName = Release;
		};
		AFF0C85F22F659D2007D26DD /* Build configuration list for PBXNativeTarget "PomangamiOS" */ = {
			isa = XCConfigurationList;
			buildConfigurations = (
				AFF0C86022F659D2007D26DD /* Debug */,
				AFF0C86122F659D2007D26DD /* Release */,
			);
			defaultConfigurationIsVisible = 0;
			defaultConfigurationName = Release;
		};
		AFF0C86222F659D2007D26DD /* Build configuration list for PBXNativeTarget "PomangamiOSTests" */ = {
			isa = XCConfigurationList;
			buildConfigurations = (
				AFF0C86322F659D2007D26DD /* Debug */,
				AFF0C86422F659D2007D26DD /* Release */,
			);
			defaultConfigurationIsVisible = 0;
			defaultConfigurationName = Release;
		};
		AFF0C86522F659D2007D26DD /* Build configuration list for PBXNativeTarget "PomangamiOSUITests" */ = {
			isa = XCConfigurationList;
			buildConfigurations = (
				AFF0C86622F659D2007D26DD /* Debug */,
				AFF0C86722F659D2007D26DD /* Release */,
			);
			defaultConfigurationIsVisible = 0;
			defaultConfigurationName = Release;
		};
/* End XCConfigurationList section */

/* Begin XCVersionGroup section */
		AFF0C83E22F659D2007D26DD /* PomangamiOS.xcdatamodeld */ = {
			isa = XCVersionGroup;
			children = (
				AFF0C83F22F659D2007D26DD /* PomangamiOS.xcdatamodel */,
			);
			currentVersion = AFF0C83F22F659D2007D26DD /* PomangamiOS.xcdatamodel */;
			path = PomangamiOS.xcdatamodeld;
			sourceTree = "<group>";
			versionGroupType = wrapper.xcdatamodel;
		};
/* End XCVersionGroup section */
	};
	rootObject = AFF0C82C22F659D2007D26DD /* Project object */;
}
